// !$*UTF8*$!
{
	archiveVersion = 1;
	classes = {
	};
	objectVersion = 56;
	objects = {

/* Begin PBXBuildFile section */
		7133ED5E2A853FCF000A7E1B /* Constants.swift in Sources */ = {isa = PBXBuildFile; fileRef = 7133ED5D2A853FCF000A7E1B /* Constants.swift */; };
		7133ED612A855B07000A7E1B /* NSApplication+Activation.swift in Sources */ = {isa = PBXBuildFile; fileRef = 7133ED602A855B07000A7E1B /* NSApplication+Activation.swift */; };
		7133ED652A85811C000A7E1B /* NSApplication+windowWithIdentifier.swift in Sources */ = {isa = PBXBuildFile; fileRef = 7133ED642A85811C000A7E1B /* NSApplication+windowWithIdentifier.swift */; };
		7133ED6A2A85870E000A7E1B /* SettingsView.swift in Sources */ = {isa = PBXBuildFile; fileRef = 7133ED692A85870E000A7E1B /* SettingsView.swift */; };
		7133ED712A85AE6A000A7E1B /* SettingsNavigationItem.swift in Sources */ = {isa = PBXBuildFile; fileRef = 7133ED702A85AE6A000A7E1B /* SettingsNavigationItem.swift */; };
		714BB9BB2AAB1D690057FB1D /* AboutSettingsPane.swift in Sources */ = {isa = PBXBuildFile; fileRef = 714BB9BA2AAB1D690057FB1D /* AboutSettingsPane.swift */; };
		7150A7AD2AA4265F0045EA68 /* Hotkey.swift in Sources */ = {isa = PBXBuildFile; fileRef = 7150A7AC2AA4265F0045EA68 /* Hotkey.swift */; };
		7150A7AF2AA426C60045EA68 /* HotkeyRegistry.swift in Sources */ = {isa = PBXBuildFile; fileRef = 7150A7AE2AA426C60045EA68 /* HotkeyRegistry.swift */; };
		7150A7B12AA427F80045EA68 /* Hotkey+Key.swift in Sources */ = {isa = PBXBuildFile; fileRef = 7150A7B02AA427F80045EA68 /* Hotkey+Key.swift */; };
		7150A7B32AA42B640045EA68 /* Hotkey+Modifiers.swift in Sources */ = {isa = PBXBuildFile; fileRef = 7150A7B22AA42B640045EA68 /* Hotkey+Modifiers.swift */; };
		7150A7B52AA42BEA0045EA68 /* HotkeyError.swift in Sources */ = {isa = PBXBuildFile; fileRef = 7150A7B42AA42BEA0045EA68 /* HotkeyError.swift */; };
		71604D5F2AAE5E7D002FE96F /* MenuBarLayoutSettingsPane.swift in Sources */ = {isa = PBXBuildFile; fileRef = 71604D5E2AAE5E7D002FE96F /* MenuBarLayoutSettingsPane.swift */; };
		71604D612AAE62DA002FE96F /* BottomBar.swift in Sources */ = {isa = PBXBuildFile; fileRef = 71604D602AAE62DA002FE96F /* BottomBar.swift */; };
		71604D632AAE84ED002FE96F /* ErrorOverlay.swift in Sources */ = {isa = PBXBuildFile; fileRef = 71604D622AAE84ED002FE96F /* ErrorOverlay.swift */; };
		71604D662AAEAB0D002FE96F /* LaunchAtLogin in Frameworks */ = {isa = PBXBuildFile; productRef = 71604D652AAEAB0D002FE96F /* LaunchAtLogin */; };
		71623BC72A8B0961002FD331 /* GeneralSettingsPane.swift in Sources */ = {isa = PBXBuildFile; fileRef = 71623BC62A8B0961002FD331 /* GeneralSettingsPane.swift */; };
		71623BD32A8B6744002FD331 /* SettingsButtonStyle.swift in Sources */ = {isa = PBXBuildFile; fileRef = 71623BD22A8B6744002FD331 /* SettingsButtonStyle.swift */; };
		7162406F2AA0A323003EC671 /* StatusBarSection.swift in Sources */ = {isa = PBXBuildFile; fileRef = 7162406E2AA0A323003EC671 /* StatusBarSection.swift */; };
		7166832E2A767E6A006ABF84 /* IceApp.swift in Sources */ = {isa = PBXBuildFile; fileRef = 7166832D2A767E6A006ABF84 /* IceApp.swift */; };
		716683322A767E6B006ABF84 /* Assets.xcassets in Resources */ = {isa = PBXBuildFile; fileRef = 716683312A767E6B006ABF84 /* Assets.xcassets */; };
		7166833D2A7680CE006ABF84 /* AppDelegate.swift in Sources */ = {isa = PBXBuildFile; fileRef = 7166833C2A7680CE006ABF84 /* AppDelegate.swift */; };
		7166834A2A76811C006ABF84 /* ProcessInfo+isPreview.swift in Sources */ = {isa = PBXBuildFile; fileRef = 716683432A76811C006ABF84 /* ProcessInfo+isPreview.swift */; };
		7166834B2A76811C006ABF84 /* Logger.swift in Sources */ = {isa = PBXBuildFile; fileRef = 716683452A76811C006ABF84 /* Logger.swift */; };
		7166834C2A76811C006ABF84 /* NSStatusItem+showMenu.swift in Sources */ = {isa = PBXBuildFile; fileRef = 716683472A76811C006ABF84 /* NSStatusItem+showMenu.swift */; };
		716683502A7681AF006ABF84 /* StatusBar.swift in Sources */ = {isa = PBXBuildFile; fileRef = 7166834F2A7681AF006ABF84 /* StatusBar.swift */; };
		716683522A76820A006ABF84 /* ControlItem.swift in Sources */ = {isa = PBXBuildFile; fileRef = 716683512A76820A006ABF84 /* ControlItem.swift */; };
		71839BD82A997DC200250044 /* Edge+cgRectEdge.swift in Sources */ = {isa = PBXBuildFile; fileRef = 71839BD72A997DC200250044 /* Edge+cgRectEdge.swift */; };
		71839BE52A9A0A6100250044 /* ContinuousPress.swift in Sources */ = {isa = PBXBuildFile; fileRef = 71839BE42A9A0A6100250044 /* ContinuousPress.swift */; };
		71839C072A9B4E2600250044 /* InterceptMouseDown.swift in Sources */ = {isa = PBXBuildFile; fileRef = 71839C062A9B4E2600250044 /* InterceptMouseDown.swift */; };
		71839C162A9B6A0D00250044 /* OnFrameChange.swift in Sources */ = {isa = PBXBuildFile; fileRef = 71839C152A9B6A0D00250044 /* OnFrameChange.swift */; };
		71C400302AAD1C35006FDB1C /* SettingsButtonConfiguration.swift in Sources */ = {isa = PBXBuildFile; fileRef = 71C4002F2AAD1C35006FDB1C /* SettingsButtonConfiguration.swift */; };
		71C400322AAD76A8006FDB1C /* WindowReader.swift in Sources */ = {isa = PBXBuildFile; fileRef = 71C400312AAD76A8006FDB1C /* WindowReader.swift */; };
		71D36C4B2A88F12F00D89CD5 /* NSSplitViewItem+swizzledCanCollapse.swift in Sources */ = {isa = PBXBuildFile; fileRef = 71D36C4A2A88F12F00D89CD5 /* NSSplitViewItem+swizzledCanCollapse.swift */; };
		71D36C4F2A88FE4900D89CD5 /* SettingsWindow.swift in Sources */ = {isa = PBXBuildFile; fileRef = 71D36C4E2A88FE4900D89CD5 /* SettingsWindow.swift */; };
		71D36C542A89445C00D89CD5 /* VisualEffectView.swift in Sources */ = {isa = PBXBuildFile; fileRef = 71D36C532A89445C00D89CD5 /* VisualEffectView.swift */; };
		71D36C582A896EFC00D89CD5 /* DictionaryEncoder.swift in Sources */ = {isa = PBXBuildFile; fileRef = 71D36C572A896EFC00D89CD5 /* DictionaryEncoder.swift */; };
		71D36C5A2A89713000D89CD5 /* DictionaryDecoder.swift in Sources */ = {isa = PBXBuildFile; fileRef = 71D36C592A89713000D89CD5 /* DictionaryDecoder.swift */; };
		71DF79442AAACE10007D9BAD /* OverlayView.swift in Sources */ = {isa = PBXBuildFile; fileRef = 71DF79432AAACE10007D9BAD /* OverlayView.swift */; };
		71FEA24E2A8C96680048341A /* EnvironmentReader.swift in Sources */ = {isa = PBXBuildFile; fileRef = 71FEA24D2A8C96680048341A /* EnvironmentReader.swift */; };
		71FEA2502A8D5D590048341A /* HotkeyRecorder.swift in Sources */ = {isa = PBXBuildFile; fileRef = 71FEA24F2A8D5D590048341A /* HotkeyRecorder.swift */; };
		71FEA2542A8D701B0048341A /* LocalEventMonitor.swift in Sources */ = {isa = PBXBuildFile; fileRef = 71FEA2532A8D701B0048341A /* LocalEventMonitor.swift */; };
/* End PBXBuildFile section */

/* Begin PBXFileReference section */
		7133ED5D2A853FCF000A7E1B /* Constants.swift */ = {isa = PBXFileReference; lastKnownFileType = sourcecode.swift; path = Constants.swift; sourceTree = "<group>"; };
		7133ED602A855B07000A7E1B /* NSApplication+Activation.swift */ = {isa = PBXFileReference; lastKnownFileType = sourcecode.swift; path = "NSApplication+Activation.swift"; sourceTree = "<group>"; };
		7133ED642A85811C000A7E1B /* NSApplication+windowWithIdentifier.swift */ = {isa = PBXFileReference; lastKnownFileType = sourcecode.swift; path = "NSApplication+windowWithIdentifier.swift"; sourceTree = "<group>"; };
		7133ED692A85870E000A7E1B /* SettingsView.swift */ = {isa = PBXFileReference; lastKnownFileType = sourcecode.swift; path = SettingsView.swift; sourceTree = "<group>"; };
		7133ED702A85AE6A000A7E1B /* SettingsNavigationItem.swift */ = {isa = PBXFileReference; lastKnownFileType = sourcecode.swift; path = SettingsNavigationItem.swift; sourceTree = "<group>"; };
		714BB9BA2AAB1D690057FB1D /* AboutSettingsPane.swift */ = {isa = PBXFileReference; lastKnownFileType = sourcecode.swift; path = AboutSettingsPane.swift; sourceTree = "<group>"; };
		7150A7AC2AA4265F0045EA68 /* Hotkey.swift */ = {isa = PBXFileReference; lastKnownFileType = sourcecode.swift; path = Hotkey.swift; sourceTree = "<group>"; };
		7150A7AE2AA426C60045EA68 /* HotkeyRegistry.swift */ = {isa = PBXFileReference; lastKnownFileType = sourcecode.swift; path = HotkeyRegistry.swift; sourceTree = "<group>"; };
		7150A7B02AA427F80045EA68 /* Hotkey+Key.swift */ = {isa = PBXFileReference; lastKnownFileType = sourcecode.swift; path = "Hotkey+Key.swift"; sourceTree = "<group>"; };
		7150A7B22AA42B640045EA68 /* Hotkey+Modifiers.swift */ = {isa = PBXFileReference; lastKnownFileType = sourcecode.swift; path = "Hotkey+Modifiers.swift"; sourceTree = "<group>"; };
		7150A7B42AA42BEA0045EA68 /* HotkeyError.swift */ = {isa = PBXFileReference; lastKnownFileType = sourcecode.swift; path = HotkeyError.swift; sourceTree = "<group>"; };
		71604D5E2AAE5E7D002FE96F /* MenuBarLayoutSettingsPane.swift */ = {isa = PBXFileReference; lastKnownFileType = sourcecode.swift; path = MenuBarLayoutSettingsPane.swift; sourceTree = "<group>"; };
		71604D602AAE62DA002FE96F /* BottomBar.swift */ = {isa = PBXFileReference; lastKnownFileType = sourcecode.swift; path = BottomBar.swift; sourceTree = "<group>"; };
		71604D622AAE84ED002FE96F /* ErrorOverlay.swift */ = {isa = PBXFileReference; lastKnownFileType = sourcecode.swift; path = ErrorOverlay.swift; sourceTree = "<group>"; };
		71623BC62A8B0961002FD331 /* GeneralSettingsPane.swift */ = {isa = PBXFileReference; lastKnownFileType = sourcecode.swift; path = GeneralSettingsPane.swift; sourceTree = "<group>"; };
		71623BD22A8B6744002FD331 /* SettingsButtonStyle.swift */ = {isa = PBXFileReference; lastKnownFileType = sourcecode.swift; path = SettingsButtonStyle.swift; sourceTree = "<group>"; };
		7162406E2AA0A323003EC671 /* StatusBarSection.swift */ = {isa = PBXFileReference; lastKnownFileType = sourcecode.swift; path = StatusBarSection.swift; sourceTree = "<group>"; };
		7166832A2A767E6A006ABF84 /* Ice.app */ = {isa = PBXFileReference; explicitFileType = wrapper.application; includeInIndex = 0; path = Ice.app; sourceTree = BUILT_PRODUCTS_DIR; };
		7166832D2A767E6A006ABF84 /* IceApp.swift */ = {isa = PBXFileReference; lastKnownFileType = sourcecode.swift; path = IceApp.swift; sourceTree = "<group>"; };
		716683312A767E6B006ABF84 /* Assets.xcassets */ = {isa = PBXFileReference; lastKnownFileType = folder.assetcatalog; path = Assets.xcassets; sourceTree = "<group>"; };
		716683362A767E6B006ABF84 /* Ice.entitlements */ = {isa = PBXFileReference; lastKnownFileType = text.plist.entitlements; path = Ice.entitlements; sourceTree = "<group>"; };
		7166833C2A7680CE006ABF84 /* AppDelegate.swift */ = {isa = PBXFileReference; lastKnownFileType = sourcecode.swift; path = AppDelegate.swift; sourceTree = "<group>"; };
		716683432A76811C006ABF84 /* ProcessInfo+isPreview.swift */ = {isa = PBXFileReference; fileEncoding = 4; lastKnownFileType = sourcecode.swift; path = "ProcessInfo+isPreview.swift"; sourceTree = "<group>"; };
		716683452A76811C006ABF84 /* Logger.swift */ = {isa = PBXFileReference; fileEncoding = 4; lastKnownFileType = sourcecode.swift; path = Logger.swift; sourceTree = "<group>"; };
		716683472A76811C006ABF84 /* NSStatusItem+showMenu.swift */ = {isa = PBXFileReference; fileEncoding = 4; lastKnownFileType = sourcecode.swift; path = "NSStatusItem+showMenu.swift"; sourceTree = "<group>"; };
		7166834F2A7681AF006ABF84 /* StatusBar.swift */ = {isa = PBXFileReference; lastKnownFileType = sourcecode.swift; path = StatusBar.swift; sourceTree = "<group>"; };
		716683512A76820A006ABF84 /* ControlItem.swift */ = {isa = PBXFileReference; lastKnownFileType = sourcecode.swift; path = ControlItem.swift; sourceTree = "<group>"; };
		71839BD72A997DC200250044 /* Edge+cgRectEdge.swift */ = {isa = PBXFileReference; lastKnownFileType = sourcecode.swift; path = "Edge+cgRectEdge.swift"; sourceTree = "<group>"; };
		71839BE42A9A0A6100250044 /* ContinuousPress.swift */ = {isa = PBXFileReference; lastKnownFileType = sourcecode.swift; path = ContinuousPress.swift; sourceTree = "<group>"; };
		71839C062A9B4E2600250044 /* InterceptMouseDown.swift */ = {isa = PBXFileReference; lastKnownFileType = sourcecode.swift; path = InterceptMouseDown.swift; sourceTree = "<group>"; };
		71839C152A9B6A0D00250044 /* OnFrameChange.swift */ = {isa = PBXFileReference; lastKnownFileType = sourcecode.swift; path = OnFrameChange.swift; sourceTree = "<group>"; };
		71C4002F2AAD1C35006FDB1C /* SettingsButtonConfiguration.swift */ = {isa = PBXFileReference; lastKnownFileType = sourcecode.swift; path = SettingsButtonConfiguration.swift; sourceTree = "<group>"; };
		71C400312AAD76A8006FDB1C /* WindowReader.swift */ = {isa = PBXFileReference; lastKnownFileType = sourcecode.swift; path = WindowReader.swift; sourceTree = "<group>"; };
		71D36C4A2A88F12F00D89CD5 /* NSSplitViewItem+swizzledCanCollapse.swift */ = {isa = PBXFileReference; lastKnownFileType = sourcecode.swift; path = "NSSplitViewItem+swizzledCanCollapse.swift"; sourceTree = "<group>"; };
		71D36C4E2A88FE4900D89CD5 /* SettingsWindow.swift */ = {isa = PBXFileReference; lastKnownFileType = sourcecode.swift; path = SettingsWindow.swift; sourceTree = "<group>"; };
		71D36C532A89445C00D89CD5 /* VisualEffectView.swift */ = {isa = PBXFileReference; lastKnownFileType = sourcecode.swift; path = VisualEffectView.swift; sourceTree = "<group>"; };
		71D36C572A896EFC00D89CD5 /* DictionaryEncoder.swift */ = {isa = PBXFileReference; lastKnownFileType = sourcecode.swift; path = DictionaryEncoder.swift; sourceTree = "<group>"; };
		71D36C592A89713000D89CD5 /* DictionaryDecoder.swift */ = {isa = PBXFileReference; lastKnownFileType = sourcecode.swift; path = DictionaryDecoder.swift; sourceTree = "<group>"; };
		71DF79432AAACE10007D9BAD /* OverlayView.swift */ = {isa = PBXFileReference; lastKnownFileType = sourcecode.swift; path = OverlayView.swift; sourceTree = "<group>"; };
		71FEA24D2A8C96680048341A /* EnvironmentReader.swift */ = {isa = PBXFileReference; lastKnownFileType = sourcecode.swift; path = EnvironmentReader.swift; sourceTree = "<group>"; };
		71FEA24F2A8D5D590048341A /* HotkeyRecorder.swift */ = {isa = PBXFileReference; lastKnownFileType = sourcecode.swift; path = HotkeyRecorder.swift; sourceTree = "<group>"; };
		71FEA2532A8D701B0048341A /* LocalEventMonitor.swift */ = {isa = PBXFileReference; lastKnownFileType = sourcecode.swift; path = LocalEventMonitor.swift; sourceTree = "<group>"; };
/* End PBXFileReference section */

/* Begin PBXFrameworksBuildPhase section */
		716683272A767E6A006ABF84 /* Frameworks */ = {
			isa = PBXFrameworksBuildPhase;
			buildActionMask = 2147483647;
			files = (
				71604D662AAEAB0D002FE96F /* LaunchAtLogin in Frameworks */,
			);
			runOnlyForDeploymentPostprocessing = 0;
		};
/* End PBXFrameworksBuildPhase section */

/* Begin PBXGroup section */
		7133ED5F2A855ADA000A7E1B /* NSApplication */ = {
			isa = PBXGroup;
			children = (
				7133ED602A855B07000A7E1B /* NSApplication+Activation.swift */,
				7133ED642A85811C000A7E1B /* NSApplication+windowWithIdentifier.swift */,
			);
			path = NSApplication;
			sourceTree = "<group>";
		};
		7133ED662A858230000A7E1B /* Settings */ = {
			isa = PBXGroup;
			children = (
				7162406A2A9F1565003EC671 /* Helpers */,
				7162406B2A9F1607003EC671 /* SettingsPanes */,
				7133ED692A85870E000A7E1B /* SettingsView.swift */,
				71D36C4E2A88FE4900D89CD5 /* SettingsWindow.swift */,
			);
			path = Settings;
			sourceTree = "<group>";
		};
		7150A7AB2AA4262F0045EA68 /* Hotkey */ = {
			isa = PBXGroup;
			children = (
				7150A7AC2AA4265F0045EA68 /* Hotkey.swift */,
				7150A7B02AA427F80045EA68 /* Hotkey+Key.swift */,
				7150A7B22AA42B640045EA68 /* Hotkey+Modifiers.swift */,
				7150A7B42AA42BEA0045EA68 /* HotkeyError.swift */,
				71FEA24F2A8D5D590048341A /* HotkeyRecorder.swift */,
				7150A7AE2AA426C60045EA68 /* HotkeyRegistry.swift */,
			);
			path = Hotkey;
			sourceTree = "<group>";
		};
		7162406A2A9F1565003EC671 /* Helpers */ = {
			isa = PBXGroup;
			children = (
				71C4002F2AAD1C35006FDB1C /* SettingsButtonConfiguration.swift */,
				71623BD22A8B6744002FD331 /* SettingsButtonStyle.swift */,
				7133ED702A85AE6A000A7E1B /* SettingsNavigationItem.swift */,
			);
			path = Helpers;
			sourceTree = "<group>";
		};
		7162406B2A9F1607003EC671 /* SettingsPanes */ = {
			isa = PBXGroup;
			children = (
				714BB9BA2AAB1D690057FB1D /* AboutSettingsPane.swift */,
				71623BC62A8B0961002FD331 /* GeneralSettingsPane.swift */,
				71604D5E2AAE5E7D002FE96F /* MenuBarLayoutSettingsPane.swift */,
			);
			path = SettingsPanes;
			sourceTree = "<group>";
		};
		716683212A767E6A006ABF84 = {
			isa = PBXGroup;
			children = (
				7166832C2A767E6A006ABF84 /* Ice */,
				7166832B2A767E6A006ABF84 /* Products */,
			);
			sourceTree = "<group>";
		};
		7166832B2A767E6A006ABF84 /* Products */ = {
			isa = PBXGroup;
			children = (
				7166832A2A767E6A006ABF84 /* Ice.app */,
			);
			name = Products;
			sourceTree = "<group>";
		};
		7166832C2A767E6A006ABF84 /* Ice */ = {
			isa = PBXGroup;
			children = (
				7166834D2A768184006ABF84 /* Features */,
				7166833E2A76811C006ABF84 /* Utilities */,
				7166832D2A767E6A006ABF84 /* IceApp.swift */,
				7166833C2A7680CE006ABF84 /* AppDelegate.swift */,
				716683312A767E6B006ABF84 /* Assets.xcassets */,
				716683362A767E6B006ABF84 /* Ice.entitlements */,
			);
			path = Ice;
			sourceTree = "<group>";
		};
		7166833E2A76811C006ABF84 /* Utilities */ = {
			isa = PBXGroup;
			children = (
				71D36C562A896ED700D89CD5 /* DictionarySerialization */,
				716683412A76811C006ABF84 /* Extensions */,
				71FEA25A2A8DA1D60048341A /* Misc */,
				71D36C492A88EDD200D89CD5 /* Swizzling */,
				71D36C522A89443800D89CD5 /* UI */,
			);
			path = Utilities;
			sourceTree = "<group>";
		};
		716683412A76811C006ABF84 /* Extensions */ = {
			isa = PBXGroup;
			children = (
				71839BD62A997DA300250044 /* Edge */,
				716683442A76811C006ABF84 /* Logger */,
				7133ED5F2A855ADA000A7E1B /* NSApplication */,
				716683462A76811C006ABF84 /* NSStatusItem */,
				716683422A76811C006ABF84 /* ProcessInfo */,
			);
			path = Extensions;
			sourceTree = "<group>";
		};
		716683422A76811C006ABF84 /* ProcessInfo */ = {
			isa = PBXGroup;
			children = (
				716683432A76811C006ABF84 /* ProcessInfo+isPreview.swift */,
			);
			path = ProcessInfo;
			sourceTree = "<group>";
		};
		716683442A76811C006ABF84 /* Logger */ = {
			isa = PBXGroup;
			children = (
				716683452A76811C006ABF84 /* Logger.swift */,
			);
			path = Logger;
			sourceTree = "<group>";
		};
		716683462A76811C006ABF84 /* NSStatusItem */ = {
			isa = PBXGroup;
			children = (
				716683472A76811C006ABF84 /* NSStatusItem+showMenu.swift */,
			);
			path = NSStatusItem;
			sourceTree = "<group>";
		};
		7166834D2A768184006ABF84 /* Features */ = {
			isa = PBXGroup;
			children = (
				7150A7AB2AA4262F0045EA68 /* Hotkey */,
				7133ED662A858230000A7E1B /* Settings */,
				7166834E2A768190006ABF84 /* StatusBar */,
			);
			path = Features;
			sourceTree = "<group>";
		};
		7166834E2A768190006ABF84 /* StatusBar */ = {
			isa = PBXGroup;
			children = (
				716683512A76820A006ABF84 /* ControlItem.swift */,
				7166834F2A7681AF006ABF84 /* StatusBar.swift */,
				7162406E2AA0A323003EC671 /* StatusBarSection.swift */,
			);
			path = StatusBar;
			sourceTree = "<group>";
		};
		71839BD62A997DA300250044 /* Edge */ = {
			isa = PBXGroup;
			children = (
				71839BD72A997DC200250044 /* Edge+cgRectEdge.swift */,
			);
			path = Edge;
			sourceTree = "<group>";
		};
		71D36C492A88EDD200D89CD5 /* Swizzling */ = {
			isa = PBXGroup;
			children = (
				71D36C4A2A88F12F00D89CD5 /* NSSplitViewItem+swizzledCanCollapse.swift */,
			);
			path = Swizzling;
			sourceTree = "<group>";
		};
		71D36C522A89443800D89CD5 /* UI */ = {
			isa = PBXGroup;
			children = (
				71604D602AAE62DA002FE96F /* BottomBar.swift */,
				71839BE42A9A0A6100250044 /* ContinuousPress.swift */,
				71FEA24D2A8C96680048341A /* EnvironmentReader.swift */,
				71604D622AAE84ED002FE96F /* ErrorOverlay.swift */,
				71839C062A9B4E2600250044 /* InterceptMouseDown.swift */,
				71839C152A9B6A0D00250044 /* OnFrameChange.swift */,
				71DF79432AAACE10007D9BAD /* OverlayView.swift */,
				71D36C532A89445C00D89CD5 /* VisualEffectView.swift */,
				71C400312AAD76A8006FDB1C /* WindowReader.swift */,
			);
			path = UI;
			sourceTree = "<group>";
		};
		71D36C562A896ED700D89CD5 /* DictionarySerialization */ = {
			isa = PBXGroup;
			children = (
				71D36C592A89713000D89CD5 /* DictionaryDecoder.swift */,
				71D36C572A896EFC00D89CD5 /* DictionaryEncoder.swift */,
			);
			path = DictionarySerialization;
			sourceTree = "<group>";
		};
		71FEA25A2A8DA1D60048341A /* Misc */ = {
			isa = PBXGroup;
			children = (
				7133ED5D2A853FCF000A7E1B /* Constants.swift */,
				71FEA2532A8D701B0048341A /* LocalEventMonitor.swift */,
			);
			path = Misc;
			sourceTree = "<group>";
		};
/* End PBXGroup section */

/* Begin PBXNativeTarget section */
		716683292A767E6A006ABF84 /* Ice */ = {
			isa = PBXNativeTarget;
			buildConfigurationList = 716683392A767E6B006ABF84 /* Build configuration list for PBXNativeTarget "Ice" */;
			buildPhases = (
				716683262A767E6A006ABF84 /* Sources */,
				716683272A767E6A006ABF84 /* Frameworks */,
				716683282A767E6A006ABF84 /* Resources */,
			);
			buildRules = (
			);
			dependencies = (
			);
			name = Ice;
			packageProductDependencies = (
				71604D652AAEAB0D002FE96F /* LaunchAtLogin */,
			);
			productName = Ice;
			productReference = 7166832A2A767E6A006ABF84 /* Ice.app */;
			productType = "com.apple.product-type.application";
		};
/* End PBXNativeTarget section */

/* Begin PBXProject section */
		716683222A767E6A006ABF84 /* Project object */ = {
			isa = PBXProject;
			attributes = {
				BuildIndependentTargetsInParallel = 1;
				LastSwiftUpdateCheck = 1430;
				LastUpgradeCheck = 1430;
				TargetAttributes = {
					716683292A767E6A006ABF84 = {
						CreatedOnToolsVersion = 14.3.1;
					};
				};
			};
			buildConfigurationList = 716683252A767E6A006ABF84 /* Build configuration list for PBXProject "Ice" */;
			compatibilityVersion = "Xcode 14.0";
			developmentRegion = en;
			hasScannedForEncodings = 0;
			knownRegions = (
				en,
				Base,
			);
			mainGroup = 716683212A767E6A006ABF84;
			packageReferences = (
				71604D642AAEAB0C002FE96F /* XCRemoteSwiftPackageReference "LaunchAtLogin-Modern" */,
			);
			productRefGroup = 7166832B2A767E6A006ABF84 /* Products */;
			projectDirPath = "";
			projectRoot = "";
			targets = (
				716683292A767E6A006ABF84 /* Ice */,
			);
		};
/* End PBXProject section */

/* Begin PBXResourcesBuildPhase section */
		716683282A767E6A006ABF84 /* Resources */ = {
			isa = PBXResourcesBuildPhase;
			buildActionMask = 2147483647;
			files = (
				716683322A767E6B006ABF84 /* Assets.xcassets in Resources */,
			);
			runOnlyForDeploymentPostprocessing = 0;
		};
/* End PBXResourcesBuildPhase section */

/* Begin PBXSourcesBuildPhase section */
		716683262A767E6A006ABF84 /* Sources */ = {
			isa = PBXSourcesBuildPhase;
			buildActionMask = 2147483647;
			files = (
				71604D5F2AAE5E7D002FE96F /* MenuBarLayoutSettingsPane.swift in Sources */,
				71FEA2542A8D701B0048341A /* LocalEventMonitor.swift in Sources */,
				71D36C4B2A88F12F00D89CD5 /* NSSplitViewItem+swizzledCanCollapse.swift in Sources */,
				7150A7AF2AA426C60045EA68 /* HotkeyRegistry.swift in Sources */,
				7162406F2AA0A323003EC671 /* StatusBarSection.swift in Sources */,
				7150A7B52AA42BEA0045EA68 /* HotkeyError.swift in Sources */,
				71623BC72A8B0961002FD331 /* GeneralSettingsPane.swift in Sources */,
				7133ED612A855B07000A7E1B /* NSApplication+Activation.swift in Sources */,
				716683522A76820A006ABF84 /* ControlItem.swift in Sources */,
				7150A7AD2AA4265F0045EA68 /* Hotkey.swift in Sources */,
				71839C162A9B6A0D00250044 /* OnFrameChange.swift in Sources */,
				7166834A2A76811C006ABF84 /* ProcessInfo+isPreview.swift in Sources */,
				71604D612AAE62DA002FE96F /* BottomBar.swift in Sources */,
				716683502A7681AF006ABF84 /* StatusBar.swift in Sources */,
				7150A7B12AA427F80045EA68 /* Hotkey+Key.swift in Sources */,
				7166834C2A76811C006ABF84 /* NSStatusItem+showMenu.swift in Sources */,
				7166833D2A7680CE006ABF84 /* AppDelegate.swift in Sources */,
				71DF79442AAACE10007D9BAD /* OverlayView.swift in Sources */,
				7133ED6A2A85870E000A7E1B /* SettingsView.swift in Sources */,
				7133ED652A85811C000A7E1B /* NSApplication+windowWithIdentifier.swift in Sources */,
				71D36C582A896EFC00D89CD5 /* DictionaryEncoder.swift in Sources */,
				7150A7B32AA42B640045EA68 /* Hotkey+Modifiers.swift in Sources */,
				71C400322AAD76A8006FDB1C /* WindowReader.swift in Sources */,
				7166834B2A76811C006ABF84 /* Logger.swift in Sources */,
				71839BD82A997DC200250044 /* Edge+cgRectEdge.swift in Sources */,
				71C400302AAD1C35006FDB1C /* SettingsButtonConfiguration.swift in Sources */,
				714BB9BB2AAB1D690057FB1D /* AboutSettingsPane.swift in Sources */,
				71623BD32A8B6744002FD331 /* SettingsButtonStyle.swift in Sources */,
				71839C072A9B4E2600250044 /* InterceptMouseDown.swift in Sources */,
				7133ED712A85AE6A000A7E1B /* SettingsNavigationItem.swift in Sources */,
				71D36C4F2A88FE4900D89CD5 /* SettingsWindow.swift in Sources */,
				71D36C542A89445C00D89CD5 /* VisualEffectView.swift in Sources */,
				71604D632AAE84ED002FE96F /* ErrorOverlay.swift in Sources */,
				7166832E2A767E6A006ABF84 /* IceApp.swift in Sources */,
				71FEA24E2A8C96680048341A /* EnvironmentReader.swift in Sources */,
				71FEA2502A8D5D590048341A /* HotkeyRecorder.swift in Sources */,
				7133ED5E2A853FCF000A7E1B /* Constants.swift in Sources */,
				71839BE52A9A0A6100250044 /* ContinuousPress.swift in Sources */,
				71D36C5A2A89713000D89CD5 /* DictionaryDecoder.swift in Sources */,
			);
			runOnlyForDeploymentPostprocessing = 0;
		};
/* End PBXSourcesBuildPhase section */

/* Begin XCBuildConfiguration section */
		716683372A767E6B006ABF84 /* Debug */ = {
			isa = XCBuildConfiguration;
			buildSettings = {
				ALWAYS_SEARCH_USER_PATHS = NO;
				CLANG_ANALYZER_NONNULL = YES;
				CLANG_ANALYZER_NUMBER_OBJECT_CONVERSION = YES_AGGRESSIVE;
				CLANG_CXX_LANGUAGE_STANDARD = "gnu++20";
				CLANG_ENABLE_MODULES = YES;
				CLANG_ENABLE_OBJC_ARC = YES;
				CLANG_ENABLE_OBJC_WEAK = YES;
				CLANG_WARN_BLOCK_CAPTURE_AUTORELEASING = YES;
				CLANG_WARN_BOOL_CONVERSION = YES;
				CLANG_WARN_COMMA = YES;
				CLANG_WARN_CONSTANT_CONVERSION = YES;
				CLANG_WARN_DEPRECATED_OBJC_IMPLEMENTATIONS = YES;
				CLANG_WARN_DIRECT_OBJC_ISA_USAGE = YES_ERROR;
				CLANG_WARN_DOCUMENTATION_COMMENTS = YES;
				CLANG_WARN_EMPTY_BODY = YES;
				CLANG_WARN_ENUM_CONVERSION = YES;
				CLANG_WARN_INFINITE_RECURSION = YES;
				CLANG_WARN_INT_CONVERSION = YES;
				CLANG_WARN_NON_LITERAL_NULL_CONVERSION = YES;
				CLANG_WARN_OBJC_IMPLICIT_RETAIN_SELF = YES;
				CLANG_WARN_OBJC_LITERAL_CONVERSION = YES;
				CLANG_WARN_OBJC_ROOT_CLASS = YES_ERROR;
				CLANG_WARN_QUOTED_INCLUDE_IN_FRAMEWORK_HEADER = YES;
				CLANG_WARN_RANGE_LOOP_ANALYSIS = YES;
				CLANG_WARN_STRICT_PROTOTYPES = YES;
				CLANG_WARN_SUSPICIOUS_MOVE = YES;
				CLANG_WARN_UNGUARDED_AVAILABILITY = YES_AGGRESSIVE;
				CLANG_WARN_UNREACHABLE_CODE = YES;
				CLANG_WARN__DUPLICATE_METHOD_MATCH = YES;
				COPY_PHASE_STRIP = NO;
				DEBUG_INFORMATION_FORMAT = dwarf;
				ENABLE_STRICT_OBJC_MSGSEND = YES;
				ENABLE_TESTABILITY = YES;
				GCC_C_LANGUAGE_STANDARD = gnu11;
				GCC_DYNAMIC_NO_PIC = NO;
				GCC_NO_COMMON_BLOCKS = YES;
				GCC_OPTIMIZATION_LEVEL = 0;
				GCC_PREPROCESSOR_DEFINITIONS = (
					"DEBUG=1",
					"$(inherited)",
				);
				GCC_WARN_64_TO_32_BIT_CONVERSION = YES;
				GCC_WARN_ABOUT_RETURN_TYPE = YES_ERROR;
				GCC_WARN_UNDECLARED_SELECTOR = YES;
				GCC_WARN_UNINITIALIZED_AUTOS = YES_AGGRESSIVE;
				GCC_WARN_UNUSED_FUNCTION = YES;
				GCC_WARN_UNUSED_VARIABLE = YES;
				MACOSX_DEPLOYMENT_TARGET = 13.3;
				MTL_ENABLE_DEBUG_INFO = INCLUDE_SOURCE;
				MTL_FAST_MATH = YES;
				ONLY_ACTIVE_ARCH = YES;
				SDKROOT = macosx;
				SWIFT_ACTIVE_COMPILATION_CONDITIONS = DEBUG;
				SWIFT_OPTIMIZATION_LEVEL = "-Onone";
			};
			name = Debug;
		};
		716683382A767E6B006ABF84 /* Release */ = {
			isa = XCBuildConfiguration;
			buildSettings = {
				ALWAYS_SEARCH_USER_PATHS = NO;
				CLANG_ANALYZER_NONNULL = YES;
				CLANG_ANALYZER_NUMBER_OBJECT_CONVERSION = YES_AGGRESSIVE;
				CLANG_CXX_LANGUAGE_STANDARD = "gnu++20";
				CLANG_ENABLE_MODULES = YES;
				CLANG_ENABLE_OBJC_ARC = YES;
				CLANG_ENABLE_OBJC_WEAK = YES;
				CLANG_WARN_BLOCK_CAPTURE_AUTORELEASING = YES;
				CLANG_WARN_BOOL_CONVERSION = YES;
				CLANG_WARN_COMMA = YES;
				CLANG_WARN_CONSTANT_CONVERSION = YES;
				CLANG_WARN_DEPRECATED_OBJC_IMPLEMENTATIONS = YES;
				CLANG_WARN_DIRECT_OBJC_ISA_USAGE = YES_ERROR;
				CLANG_WARN_DOCUMENTATION_COMMENTS = YES;
				CLANG_WARN_EMPTY_BODY = YES;
				CLANG_WARN_ENUM_CONVERSION = YES;
				CLANG_WARN_INFINITE_RECURSION = YES;
				CLANG_WARN_INT_CONVERSION = YES;
				CLANG_WARN_NON_LITERAL_NULL_CONVERSION = YES;
				CLANG_WARN_OBJC_IMPLICIT_RETAIN_SELF = YES;
				CLANG_WARN_OBJC_LITERAL_CONVERSION = YES;
				CLANG_WARN_OBJC_ROOT_CLASS = YES_ERROR;
				CLANG_WARN_QUOTED_INCLUDE_IN_FRAMEWORK_HEADER = YES;
				CLANG_WARN_RANGE_LOOP_ANALYSIS = YES;
				CLANG_WARN_STRICT_PROTOTYPES = YES;
				CLANG_WARN_SUSPICIOUS_MOVE = YES;
				CLANG_WARN_UNGUARDED_AVAILABILITY = YES_AGGRESSIVE;
				CLANG_WARN_UNREACHABLE_CODE = YES;
				CLANG_WARN__DUPLICATE_METHOD_MATCH = YES;
				COPY_PHASE_STRIP = NO;
				DEBUG_INFORMATION_FORMAT = "dwarf-with-dsym";
				ENABLE_NS_ASSERTIONS = NO;
				ENABLE_STRICT_OBJC_MSGSEND = YES;
				GCC_C_LANGUAGE_STANDARD = gnu11;
				GCC_NO_COMMON_BLOCKS = YES;
				GCC_WARN_64_TO_32_BIT_CONVERSION = YES;
				GCC_WARN_ABOUT_RETURN_TYPE = YES_ERROR;
				GCC_WARN_UNDECLARED_SELECTOR = YES;
				GCC_WARN_UNINITIALIZED_AUTOS = YES_AGGRESSIVE;
				GCC_WARN_UNUSED_FUNCTION = YES;
				GCC_WARN_UNUSED_VARIABLE = YES;
				MACOSX_DEPLOYMENT_TARGET = 13.3;
				MTL_ENABLE_DEBUG_INFO = NO;
				MTL_FAST_MATH = YES;
				SDKROOT = macosx;
				SWIFT_COMPILATION_MODE = wholemodule;
				SWIFT_OPTIMIZATION_LEVEL = "-O";
			};
			name = Release;
		};
		7166833A2A767E6B006ABF84 /* Debug */ = {
			isa = XCBuildConfiguration;
			buildSettings = {
				ASSETCATALOG_COMPILER_APPICON_NAME = AppIcon;
				ASSETCATALOG_COMPILER_GLOBAL_ACCENT_COLOR_NAME = AccentColor;
				CODE_SIGN_ENTITLEMENTS = Ice/Ice.entitlements;
				CODE_SIGN_STYLE = Automatic;
				COMBINE_HIDPI_IMAGES = YES;
				CURRENT_PROJECT_VERSION = 1;
				DEVELOPMENT_ASSET_PATHS = "";
				DEVELOPMENT_TEAM = 9QZT3K3FGH;
				ENABLE_HARDENED_RUNTIME = YES;
				ENABLE_PREVIEWS = YES;
				GENERATE_INFOPLIST_FILE = YES;
				INFOPLIST_KEY_LSApplicationCategoryType = "public.app-category.utilities";
				INFOPLIST_KEY_NSHumanReadableCopyright = "";
				LD_RUNPATH_SEARCH_PATHS = (
					"$(inherited)",
					"@executable_path/../Frameworks",
				);
				MARKETING_VERSION = 0.0.1;
				PRODUCT_BUNDLE_IDENTIFIER = com.jordanbaird.Ice;
				PRODUCT_NAME = "$(TARGET_NAME)";
				SWIFT_EMIT_LOC_STRINGS = YES;
				SWIFT_VERSION = 5.0;
			};
			name = Debug;
		};
		7166833B2A767E6B006ABF84 /* Release */ = {
			isa = XCBuildConfiguration;
			buildSettings = {
				ASSETCATALOG_COMPILER_APPICON_NAME = AppIcon;
				ASSETCATALOG_COMPILER_GLOBAL_ACCENT_COLOR_NAME = AccentColor;
				CODE_SIGN_ENTITLEMENTS = Ice/Ice.entitlements;
				CODE_SIGN_STYLE = Automatic;
				COMBINE_HIDPI_IMAGES = YES;
				CURRENT_PROJECT_VERSION = 1;
				DEVELOPMENT_ASSET_PATHS = "";
				DEVELOPMENT_TEAM = 9QZT3K3FGH;
				ENABLE_HARDENED_RUNTIME = YES;
				ENABLE_PREVIEWS = YES;
				GENERATE_INFOPLIST_FILE = YES;
				INFOPLIST_KEY_LSApplicationCategoryType = "public.app-category.utilities";
				INFOPLIST_KEY_NSHumanReadableCopyright = "";
				LD_RUNPATH_SEARCH_PATHS = (
					"$(inherited)",
					"@executable_path/../Frameworks",
				);
				MARKETING_VERSION = 0.0.1;
				PRODUCT_BUNDLE_IDENTIFIER = com.jordanbaird.Ice;
				PRODUCT_NAME = "$(TARGET_NAME)";
				SWIFT_EMIT_LOC_STRINGS = YES;
				SWIFT_VERSION = 5.0;
			};
			name = Release;
		};
/* End XCBuildConfiguration section */

/* Begin XCConfigurationList section */
		716683252A767E6A006ABF84 /* Build configuration list for PBXProject "Ice" */ = {
			isa = XCConfigurationList;
			buildConfigurations = (
				716683372A767E6B006ABF84 /* Debug */,
				716683382A767E6B006ABF84 /* Release */,
			);
			defaultConfigurationIsVisible = 0;
			defaultConfigurationName = Release;
		};
		716683392A767E6B006ABF84 /* Build configuration list for PBXNativeTarget "Ice" */ = {
			isa = XCConfigurationList;
			buildConfigurations = (
				7166833A2A767E6B006ABF84 /* Debug */,
				7166833B2A767E6B006ABF84 /* Release */,
			);
			defaultConfigurationIsVisible = 0;
			defaultConfigurationName = Release;
		};
/* End XCConfigurationList section */

/* Begin XCRemoteSwiftPackageReference section */
		71604D642AAEAB0C002FE96F /* XCRemoteSwiftPackageReference "LaunchAtLogin-Modern" */ = {
			isa = XCRemoteSwiftPackageReference;
			repositoryURL = "https://github.com/sindresorhus/LaunchAtLogin-Modern";
			requirement = {
				kind = upToNextMajorVersion;
				minimumVersion = 1.0.0;
			};
		};
/* End XCRemoteSwiftPackageReference section */

/* Begin XCSwiftPackageProductDependency section */
		71604D652AAEAB0D002FE96F /* LaunchAtLogin */ = {
			isa = XCSwiftPackageProductDependency;
			package = 71604D642AAEAB0C002FE96F /* XCRemoteSwiftPackageReference "LaunchAtLogin-Modern" */;
			productName = LaunchAtLogin;
		};
/* End XCSwiftPackageProductDependency section */
	};
	rootObject = 716683222A767E6A006ABF84 /* Project object */;
}
