// !$*UTF8*$!
{
	archiveVersion = 1;
	classes = {
	};
	objectVersion = 56;
	objects = {

/* Begin PBXBuildFile section */
		7133ED5E2A853FCF000A7E1B /* Constants.swift in Sources */ = {isa = PBXBuildFile; fileRef = 7133ED5D2A853FCF000A7E1B /* Constants.swift */; };
		7133ED612A855B07000A7E1B /* NSApplication+Activation.swift in Sources */ = {isa = PBXBuildFile; fileRef = 7133ED602A855B07000A7E1B /* NSApplication+Activation.swift */; };
		7133ED652A85811C000A7E1B /* NSApplication+windowWithIdentifier.swift in Sources */ = {isa = PBXBuildFile; fileRef = 7133ED642A85811C000A7E1B /* NSApplication+windowWithIdentifier.swift */; };
		7133ED6A2A85870E000A7E1B /* SettingsView.swift in Sources */ = {isa = PBXBuildFile; fileRef = 7133ED692A85870E000A7E1B /* SettingsView.swift */; };
		7133ED712A85AE6A000A7E1B /* SettingsItem.swift in Sources */ = {isa = PBXBuildFile; fileRef = 7133ED702A85AE6A000A7E1B /* SettingsItem.swift */; };
		71623BBC2A8AD27B002FD331 /* SwiftKeys in Frameworks */ = {isa = PBXBuildFile; productRef = 71623BBB2A8AD27A002FD331 /* SwiftKeys */; };
		71623BBF2A8AD4F6002FD331 /* KeyCommand.Name+toggle.swift in Sources */ = {isa = PBXBuildFile; fileRef = 71623BBE2A8AD4F6002FD331 /* KeyCommand.Name+toggle.swift */; };
		71623BC72A8B0961002FD331 /* GeneralSettingsView.swift in Sources */ = {isa = PBXBuildFile; fileRef = 71623BC62A8B0961002FD331 /* GeneralSettingsView.swift */; };
		71623BCB2A8B0A8C002FD331 /* Defaults+Key.swift in Sources */ = {isa = PBXBuildFile; fileRef = 71623BCA2A8B0A8C002FD331 /* Defaults+Key.swift */; };
		71623BD32A8B6744002FD331 /* SettingsButtonStyle.swift in Sources */ = {isa = PBXBuildFile; fileRef = 71623BD22A8B6744002FD331 /* SettingsButtonStyle.swift */; };
		7166832E2A767E6A006ABF84 /* IceApp.swift in Sources */ = {isa = PBXBuildFile; fileRef = 7166832D2A767E6A006ABF84 /* IceApp.swift */; };
		716683322A767E6B006ABF84 /* Assets.xcassets in Resources */ = {isa = PBXBuildFile; fileRef = 716683312A767E6B006ABF84 /* Assets.xcassets */; };
		7166833D2A7680CE006ABF84 /* AppDelegate.swift in Sources */ = {isa = PBXBuildFile; fileRef = 7166833C2A7680CE006ABF84 /* AppDelegate.swift */; };
		7166834A2A76811C006ABF84 /* ProcessInfo+isPreview.swift in Sources */ = {isa = PBXBuildFile; fileRef = 716683432A76811C006ABF84 /* ProcessInfo+isPreview.swift */; };
		7166834B2A76811C006ABF84 /* Logger.swift in Sources */ = {isa = PBXBuildFile; fileRef = 716683452A76811C006ABF84 /* Logger.swift */; };
		7166834C2A76811C006ABF84 /* NSStatusItem+showMenu.swift in Sources */ = {isa = PBXBuildFile; fileRef = 716683472A76811C006ABF84 /* NSStatusItem+showMenu.swift */; };
		716683502A7681AF006ABF84 /* StatusBar.swift in Sources */ = {isa = PBXBuildFile; fileRef = 7166834F2A7681AF006ABF84 /* StatusBar.swift */; };
		716683522A76820A006ABF84 /* ControlItem.swift in Sources */ = {isa = PBXBuildFile; fileRef = 716683512A76820A006ABF84 /* ControlItem.swift */; };
		71D36C4B2A88F12F00D89CD5 /* NSSplitViewItem+swizzledCanCollapse.swift in Sources */ = {isa = PBXBuildFile; fileRef = 71D36C4A2A88F12F00D89CD5 /* NSSplitViewItem+swizzledCanCollapse.swift */; };
		71D36C4F2A88FE4900D89CD5 /* SettingsWindow.swift in Sources */ = {isa = PBXBuildFile; fileRef = 71D36C4E2A88FE4900D89CD5 /* SettingsWindow.swift */; };
		71D36C542A89445C00D89CD5 /* VisualEffectView.swift in Sources */ = {isa = PBXBuildFile; fileRef = 71D36C532A89445C00D89CD5 /* VisualEffectView.swift */; };
		71D36C582A896EFC00D89CD5 /* DictionaryEncoder.swift in Sources */ = {isa = PBXBuildFile; fileRef = 71D36C572A896EFC00D89CD5 /* DictionaryEncoder.swift */; };
		71D36C5A2A89713000D89CD5 /* DictionaryDecoder.swift in Sources */ = {isa = PBXBuildFile; fileRef = 71D36C592A89713000D89CD5 /* DictionaryDecoder.swift */; };
		71EA649A2A84C65B009CE77F /* Defaults.swift in Sources */ = {isa = PBXBuildFile; fileRef = 71EA64992A84C65B009CE77F /* Defaults.swift */; };
/* End PBXBuildFile section */

/* Begin PBXFileReference section */
		7133ED5D2A853FCF000A7E1B /* Constants.swift */ = {isa = PBXFileReference; lastKnownFileType = sourcecode.swift; path = Constants.swift; sourceTree = "<group>"; };
		7133ED602A855B07000A7E1B /* NSApplication+Activation.swift */ = {isa = PBXFileReference; lastKnownFileType = sourcecode.swift; path = "NSApplication+Activation.swift"; sourceTree = "<group>"; };
		7133ED642A85811C000A7E1B /* NSApplication+windowWithIdentifier.swift */ = {isa = PBXFileReference; lastKnownFileType = sourcecode.swift; path = "NSApplication+windowWithIdentifier.swift"; sourceTree = "<group>"; };
		7133ED692A85870E000A7E1B /* SettingsView.swift */ = {isa = PBXFileReference; lastKnownFileType = sourcecode.swift; path = SettingsView.swift; sourceTree = "<group>"; };
		7133ED702A85AE6A000A7E1B /* SettingsItem.swift */ = {isa = PBXFileReference; lastKnownFileType = sourcecode.swift; path = SettingsItem.swift; sourceTree = "<group>"; };
		71623BBE2A8AD4F6002FD331 /* KeyCommand.Name+toggle.swift */ = {isa = PBXFileReference; lastKnownFileType = sourcecode.swift; path = "KeyCommand.Name+toggle.swift"; sourceTree = "<group>"; };
		71623BC62A8B0961002FD331 /* GeneralSettingsView.swift */ = {isa = PBXFileReference; lastKnownFileType = sourcecode.swift; path = GeneralSettingsView.swift; sourceTree = "<group>"; };
		71623BCA2A8B0A8C002FD331 /* Defaults+Key.swift */ = {isa = PBXFileReference; lastKnownFileType = sourcecode.swift; path = "Defaults+Key.swift"; sourceTree = "<group>"; };
		71623BD22A8B6744002FD331 /* SettingsButtonStyle.swift */ = {isa = PBXFileReference; lastKnownFileType = sourcecode.swift; path = SettingsButtonStyle.swift; sourceTree = "<group>"; };
		7166832A2A767E6A006ABF84 /* Ice.app */ = {isa = PBXFileReference; explicitFileType = wrapper.application; includeInIndex = 0; path = Ice.app; sourceTree = BUILT_PRODUCTS_DIR; };
		7166832D2A767E6A006ABF84 /* IceApp.swift */ = {isa = PBXFileReference; lastKnownFileType = sourcecode.swift; path = IceApp.swift; sourceTree = "<group>"; };
		716683312A767E6B006ABF84 /* Assets.xcassets */ = {isa = PBXFileReference; lastKnownFileType = folder.assetcatalog; path = Assets.xcassets; sourceTree = "<group>"; };
		716683362A767E6B006ABF84 /* Ice.entitlements */ = {isa = PBXFileReference; lastKnownFileType = text.plist.entitlements; path = Ice.entitlements; sourceTree = "<group>"; };
		7166833C2A7680CE006ABF84 /* AppDelegate.swift */ = {isa = PBXFileReference; lastKnownFileType = sourcecode.swift; path = AppDelegate.swift; sourceTree = "<group>"; };
		716683432A76811C006ABF84 /* ProcessInfo+isPreview.swift */ = {isa = PBXFileReference; fileEncoding = 4; lastKnownFileType = sourcecode.swift; path = "ProcessInfo+isPreview.swift"; sourceTree = "<group>"; };
		716683452A76811C006ABF84 /* Logger.swift */ = {isa = PBXFileReference; fileEncoding = 4; lastKnownFileType = sourcecode.swift; path = Logger.swift; sourceTree = "<group>"; };
		716683472A76811C006ABF84 /* NSStatusItem+showMenu.swift */ = {isa = PBXFileReference; fileEncoding = 4; lastKnownFileType = sourcecode.swift; path = "NSStatusItem+showMenu.swift"; sourceTree = "<group>"; };
		7166834F2A7681AF006ABF84 /* StatusBar.swift */ = {isa = PBXFileReference; lastKnownFileType = sourcecode.swift; path = StatusBar.swift; sourceTree = "<group>"; };
		716683512A76820A006ABF84 /* ControlItem.swift */ = {isa = PBXFileReference; lastKnownFileType = sourcecode.swift; path = ControlItem.swift; sourceTree = "<group>"; };
		71D36C4A2A88F12F00D89CD5 /* NSSplitViewItem+swizzledCanCollapse.swift */ = {isa = PBXFileReference; lastKnownFileType = sourcecode.swift; path = "NSSplitViewItem+swizzledCanCollapse.swift"; sourceTree = "<group>"; };
		71D36C4E2A88FE4900D89CD5 /* SettingsWindow.swift */ = {isa = PBXFileReference; lastKnownFileType = sourcecode.swift; path = SettingsWindow.swift; sourceTree = "<group>"; };
		71D36C532A89445C00D89CD5 /* VisualEffectView.swift */ = {isa = PBXFileReference; lastKnownFileType = sourcecode.swift; path = VisualEffectView.swift; sourceTree = "<group>"; };
		71D36C572A896EFC00D89CD5 /* DictionaryEncoder.swift */ = {isa = PBXFileReference; lastKnownFileType = sourcecode.swift; path = DictionaryEncoder.swift; sourceTree = "<group>"; };
		71D36C592A89713000D89CD5 /* DictionaryDecoder.swift */ = {isa = PBXFileReference; lastKnownFileType = sourcecode.swift; path = DictionaryDecoder.swift; sourceTree = "<group>"; };
		71EA64992A84C65B009CE77F /* Defaults.swift */ = {isa = PBXFileReference; lastKnownFileType = sourcecode.swift; path = Defaults.swift; sourceTree = "<group>"; };
/* End PBXFileReference section */

/* Begin PBXFrameworksBuildPhase section */
		716683272A767E6A006ABF84 /* Frameworks */ = {
			isa = PBXFrameworksBuildPhase;
			buildActionMask = 2147483647;
			files = (
				71623BBC2A8AD27B002FD331 /* SwiftKeys in Frameworks */,
			);
			runOnlyForDeploymentPostprocessing = 0;
		};
/* End PBXFrameworksBuildPhase section */

/* Begin PBXGroup section */
		7133ED5F2A855ADA000A7E1B /* NSApplication */ = {
			isa = PBXGroup;
			children = (
				7133ED602A855B07000A7E1B /* NSApplication+Activation.swift */,
				7133ED642A85811C000A7E1B /* NSApplication+windowWithIdentifier.swift */,
			);
			path = NSApplication;
			sourceTree = "<group>";
		};
		7133ED662A858230000A7E1B /* Settings */ = {
			isa = PBXGroup;
			children = (
				71623BC62A8B0961002FD331 /* GeneralSettingsView.swift */,
				71623BD22A8B6744002FD331 /* SettingsButtonStyle.swift */,
				7133ED702A85AE6A000A7E1B /* SettingsItem.swift */,
				7133ED692A85870E000A7E1B /* SettingsView.swift */,
				71D36C4E2A88FE4900D89CD5 /* SettingsWindow.swift */,
			);
			path = Settings;
			sourceTree = "<group>";
		};
		714458942A82F54700A2632F /* Defaults */ = {
			isa = PBXGroup;
			children = (
				71EA64992A84C65B009CE77F /* Defaults.swift */,
				71623BCA2A8B0A8C002FD331 /* Defaults+Key.swift */,
			);
			path = Defaults;
			sourceTree = "<group>";
		};
		71623BBD2A8AD4D1002FD331 /* KeyCommand.Name */ = {
			isa = PBXGroup;
			children = (
				71623BBE2A8AD4F6002FD331 /* KeyCommand.Name+toggle.swift */,
			);
			path = KeyCommand.Name;
			sourceTree = "<group>";
		};
		716683212A767E6A006ABF84 = {
			isa = PBXGroup;
			children = (
				7166832C2A767E6A006ABF84 /* Ice */,
				7166832B2A767E6A006ABF84 /* Products */,
			);
			sourceTree = "<group>";
		};
		7166832B2A767E6A006ABF84 /* Products */ = {
			isa = PBXGroup;
			children = (
				7166832A2A767E6A006ABF84 /* Ice.app */,
			);
			name = Products;
			sourceTree = "<group>";
		};
		7166832C2A767E6A006ABF84 /* Ice */ = {
			isa = PBXGroup;
			children = (
				7166834D2A768184006ABF84 /* Features */,
				7166833E2A76811C006ABF84 /* Utilities */,
				7166832D2A767E6A006ABF84 /* IceApp.swift */,
				7166833C2A7680CE006ABF84 /* AppDelegate.swift */,
				716683312A767E6B006ABF84 /* Assets.xcassets */,
				716683362A767E6B006ABF84 /* Ice.entitlements */,
			);
			path = Ice;
			sourceTree = "<group>";
		};
		7166833E2A76811C006ABF84 /* Utilities */ = {
			isa = PBXGroup;
			children = (
				714458942A82F54700A2632F /* Defaults */,
				71D36C562A896ED700D89CD5 /* DictionarySerialization */,
				716683412A76811C006ABF84 /* Extensions */,
				71D36C492A88EDD200D89CD5 /* Swizzling */,
				71D36C522A89443800D89CD5 /* Views */,
				7133ED5D2A853FCF000A7E1B /* Constants.swift */,
			);
			path = Utilities;
			sourceTree = "<group>";
		};
		716683412A76811C006ABF84 /* Extensions */ = {
			isa = PBXGroup;
			children = (
				71623BBD2A8AD4D1002FD331 /* KeyCommand.Name */,
				716683442A76811C006ABF84 /* Logger */,
				7133ED5F2A855ADA000A7E1B /* NSApplication */,
				716683462A76811C006ABF84 /* NSStatusItem */,
				716683422A76811C006ABF84 /* ProcessInfo */,
			);
			path = Extensions;
			sourceTree = "<group>";
		};
		716683422A76811C006ABF84 /* ProcessInfo */ = {
			isa = PBXGroup;
			children = (
				716683432A76811C006ABF84 /* ProcessInfo+isPreview.swift */,
			);
			path = ProcessInfo;
			sourceTree = "<group>";
		};
		716683442A76811C006ABF84 /* Logger */ = {
			isa = PBXGroup;
			children = (
				716683452A76811C006ABF84 /* Logger.swift */,
			);
			path = Logger;
			sourceTree = "<group>";
		};
		716683462A76811C006ABF84 /* NSStatusItem */ = {
			isa = PBXGroup;
			children = (
				716683472A76811C006ABF84 /* NSStatusItem+showMenu.swift */,
			);
			path = NSStatusItem;
			sourceTree = "<group>";
		};
		7166834D2A768184006ABF84 /* Features */ = {
			isa = PBXGroup;
			children = (
				7133ED662A858230000A7E1B /* Settings */,
				7166834E2A768190006ABF84 /* StatusBar */,
			);
			path = Features;
			sourceTree = "<group>";
		};
		7166834E2A768190006ABF84 /* StatusBar */ = {
			isa = PBXGroup;
			children = (
				716683512A76820A006ABF84 /* ControlItem.swift */,
				7166834F2A7681AF006ABF84 /* StatusBar.swift */,
			);
			path = StatusBar;
			sourceTree = "<group>";
		};
		71D36C492A88EDD200D89CD5 /* Swizzling */ = {
			isa = PBXGroup;
			children = (
				71D36C4A2A88F12F00D89CD5 /* NSSplitViewItem+swizzledCanCollapse.swift */,
			);
			path = Swizzling;
			sourceTree = "<group>";
		};
		71D36C522A89443800D89CD5 /* Views */ = {
			isa = PBXGroup;
			children = (
				71D36C532A89445C00D89CD5 /* VisualEffectView.swift */,
			);
			path = Views;
			sourceTree = "<group>";
		};
		71D36C562A896ED700D89CD5 /* DictionarySerialization */ = {
			isa = PBXGroup;
			children = (
				71D36C592A89713000D89CD5 /* DictionaryDecoder.swift */,
				71D36C572A896EFC00D89CD5 /* DictionaryEncoder.swift */,
			);
			path = DictionarySerialization;
			sourceTree = "<group>";
		};
/* End PBXGroup section */

/* Begin PBXNativeTarget section */
		716683292A767E6A006ABF84 /* Ice */ = {
			isa = PBXNativeTarget;
			buildConfigurationList = 716683392A767E6B006ABF84 /* Build configuration list for PBXNativeTarget "Ice" */;
			buildPhases = (
				716683262A767E6A006ABF84 /* Sources */,
				716683272A767E6A006ABF84 /* Frameworks */,
				716683282A767E6A006ABF84 /* Resources */,
			);
			buildRules = (
			);
			dependencies = (
			);
			name = Ice;
			packageProductDependencies = (
				71623BBB2A8AD27A002FD331 /* SwiftKeys */,
			);
			productName = Ice;
			productReference = 7166832A2A767E6A006ABF84 /* Ice.app */;
			productType = "com.apple.product-type.application";
		};
/* End PBXNativeTarget section */

/* Begin PBXProject section */
		716683222A767E6A006ABF84 /* Project object */ = {
			isa = PBXProject;
			attributes = {
				BuildIndependentTargetsInParallel = 1;
				LastSwiftUpdateCheck = 1430;
				LastUpgradeCheck = 1430;
				TargetAttributes = {
					716683292A767E6A006ABF84 = {
						CreatedOnToolsVersion = 14.3.1;
					};
				};
			};
			buildConfigurationList = 716683252A767E6A006ABF84 /* Build configuration list for PBXProject "Ice" */;
			compatibilityVersion = "Xcode 14.0";
			developmentRegion = en;
			hasScannedForEncodings = 0;
			knownRegions = (
				en,
				Base,
			);
			mainGroup = 716683212A767E6A006ABF84;
			packageReferences = (
				71623BBA2A8AD27A002FD331 /* XCRemoteSwiftPackageReference "SwiftKeys" */,
			);
			productRefGroup = 7166832B2A767E6A006ABF84 /* Products */;
			projectDirPath = "";
			projectRoot = "";
			targets = (
				716683292A767E6A006ABF84 /* Ice */,
			);
		};
/* End PBXProject section */

/* Begin PBXResourcesBuildPhase section */
		716683282A767E6A006ABF84 /* Resources */ = {
			isa = PBXResourcesBuildPhase;
			buildActionMask = 2147483647;
			files = (
				716683322A767E6B006ABF84 /* Assets.xcassets in Resources */,
			);
			runOnlyForDeploymentPostprocessing = 0;
		};
/* End PBXResourcesBuildPhase section */

/* Begin PBXSourcesBuildPhase section */
		716683262A767E6A006ABF84 /* Sources */ = {
			isa = PBXSourcesBuildPhase;
			buildActionMask = 2147483647;
			files = (
				71D36C4B2A88F12F00D89CD5 /* NSSplitViewItem+swizzledCanCollapse.swift in Sources */,
				71623BC72A8B0961002FD331 /* GeneralSettingsView.swift in Sources */,
				7133ED612A855B07000A7E1B /* NSApplication+Activation.swift in Sources */,
				716683522A76820A006ABF84 /* ControlItem.swift in Sources */,
				71EA649A2A84C65B009CE77F /* Defaults.swift in Sources */,
				71623BBF2A8AD4F6002FD331 /* KeyCommand.Name+toggle.swift in Sources */,
				7166834A2A76811C006ABF84 /* ProcessInfo+isPreview.swift in Sources */,
				716683502A7681AF006ABF84 /* StatusBar.swift in Sources */,
				7166834C2A76811C006ABF84 /* NSStatusItem+showMenu.swift in Sources */,
				7166833D2A7680CE006ABF84 /* AppDelegate.swift in Sources */,
				7133ED6A2A85870E000A7E1B /* SettingsView.swift in Sources */,
				7133ED652A85811C000A7E1B /* NSApplication+windowWithIdentifier.swift in Sources */,
				71D36C582A896EFC00D89CD5 /* DictionaryEncoder.swift in Sources */,
				7166834B2A76811C006ABF84 /* Logger.swift in Sources */,
				71623BD32A8B6744002FD331 /* SettingsButtonStyle.swift in Sources */,
				7133ED712A85AE6A000A7E1B /* SettingsItem.swift in Sources */,
				71D36C4F2A88FE4900D89CD5 /* SettingsWindow.swift in Sources */,
				71D36C542A89445C00D89CD5 /* VisualEffectView.swift in Sources */,
				7166832E2A767E6A006ABF84 /* IceApp.swift in Sources */,
				71623BCB2A8B0A8C002FD331 /* Defaults+Key.swift in Sources */,
				7133ED5E2A853FCF000A7E1B /* Constants.swift in Sources */,
				71D36C5A2A89713000D89CD5 /* DictionaryDecoder.swift in Sources */,
			);
			runOnlyForDeploymentPostprocessing = 0;
		};
/* End PBXSourcesBuildPhase section */

/* Begin XCBuildConfiguration section */
		716683372A767E6B006ABF84 /* Debug */ = {
			isa = XCBuildConfiguration;
			buildSettings = {
				ALWAYS_SEARCH_USER_PATHS = NO;
				CLANG_ANALYZER_NONNULL = YES;
				CLANG_ANALYZER_NUMBER_OBJECT_CONVERSION = YES_AGGRESSIVE;
				CLANG_CXX_LANGUAGE_STANDARD = "gnu++20";
				CLANG_ENABLE_MODULES = YES;
				CLANG_ENABLE_OBJC_ARC = YES;
				CLANG_ENABLE_OBJC_WEAK = YES;
				CLANG_WARN_BLOCK_CAPTURE_AUTORELEASING = YES;
				CLANG_WARN_BOOL_CONVERSION = YES;
				CLANG_WARN_COMMA = YES;
				CLANG_WARN_CONSTANT_CONVERSION = YES;
				CLANG_WARN_DEPRECATED_OBJC_IMPLEMENTATIONS = YES;
				CLANG_WARN_DIRECT_OBJC_ISA_USAGE = YES_ERROR;
				CLANG_WARN_DOCUMENTATION_COMMENTS = YES;
				CLANG_WARN_EMPTY_BODY = YES;
				CLANG_WARN_ENUM_CONVERSION = YES;
				CLANG_WARN_INFINITE_RECURSION = YES;
				CLANG_WARN_INT_CONVERSION = YES;
				CLANG_WARN_NON_LITERAL_NULL_CONVERSION = YES;
				CLANG_WARN_OBJC_IMPLICIT_RETAIN_SELF = YES;
				CLANG_WARN_OBJC_LITERAL_CONVERSION = YES;
				CLANG_WARN_OBJC_ROOT_CLASS = YES_ERROR;
				CLANG_WARN_QUOTED_INCLUDE_IN_FRAMEWORK_HEADER = YES;
				CLANG_WARN_RANGE_LOOP_ANALYSIS = YES;
				CLANG_WARN_STRICT_PROTOTYPES = YES;
				CLANG_WARN_SUSPICIOUS_MOVE = YES;
				CLANG_WARN_UNGUARDED_AVAILABILITY = YES_AGGRESSIVE;
				CLANG_WARN_UNREACHABLE_CODE = YES;
				CLANG_WARN__DUPLICATE_METHOD_MATCH = YES;
				COPY_PHASE_STRIP = NO;
				DEBUG_INFORMATION_FORMAT = dwarf;
				ENABLE_STRICT_OBJC_MSGSEND = YES;
				ENABLE_TESTABILITY = YES;
				GCC_C_LANGUAGE_STANDARD = gnu11;
				GCC_DYNAMIC_NO_PIC = NO;
				GCC_NO_COMMON_BLOCKS = YES;
				GCC_OPTIMIZATION_LEVEL = 0;
				GCC_PREPROCESSOR_DEFINITIONS = (
					"DEBUG=1",
					"$(inherited)",
				);
				GCC_WARN_64_TO_32_BIT_CONVERSION = YES;
				GCC_WARN_ABOUT_RETURN_TYPE = YES_ERROR;
				GCC_WARN_UNDECLARED_SELECTOR = YES;
				GCC_WARN_UNINITIALIZED_AUTOS = YES_AGGRESSIVE;
				GCC_WARN_UNUSED_FUNCTION = YES;
				GCC_WARN_UNUSED_VARIABLE = YES;
				MACOSX_DEPLOYMENT_TARGET = 13.3;
				MTL_ENABLE_DEBUG_INFO = INCLUDE_SOURCE;
				MTL_FAST_MATH = YES;
				ONLY_ACTIVE_ARCH = YES;
				SDKROOT = macosx;
				SWIFT_ACTIVE_COMPILATION_CONDITIONS = DEBUG;
				SWIFT_OPTIMIZATION_LEVEL = "-Onone";
			};
			name = Debug;
		};
		716683382A767E6B006ABF84 /* Release */ = {
			isa = XCBuildConfiguration;
			buildSettings = {
				ALWAYS_SEARCH_USER_PATHS = NO;
				CLANG_ANALYZER_NONNULL = YES;
				CLANG_ANALYZER_NUMBER_OBJECT_CONVERSION = YES_AGGRESSIVE;
				CLANG_CXX_LANGUAGE_STANDARD = "gnu++20";
				CLANG_ENABLE_MODULES = YES;
				CLANG_ENABLE_OBJC_ARC = YES;
				CLANG_ENABLE_OBJC_WEAK = YES;
				CLANG_WARN_BLOCK_CAPTURE_AUTORELEASING = YES;
				CLANG_WARN_BOOL_CONVERSION = YES;
				CLANG_WARN_COMMA = YES;
				CLANG_WARN_CONSTANT_CONVERSION = YES;
				CLANG_WARN_DEPRECATED_OBJC_IMPLEMENTATIONS = YES;
				CLANG_WARN_DIRECT_OBJC_ISA_USAGE = YES_ERROR;
				CLANG_WARN_DOCUMENTATION_COMMENTS = YES;
				CLANG_WARN_EMPTY_BODY = YES;
				CLANG_WARN_ENUM_CONVERSION = YES;
				CLANG_WARN_INFINITE_RECURSION = YES;
				CLANG_WARN_INT_CONVERSION = YES;
				CLANG_WARN_NON_LITERAL_NULL_CONVERSION = YES;
				CLANG_WARN_OBJC_IMPLICIT_RETAIN_SELF = YES;
				CLANG_WARN_OBJC_LITERAL_CONVERSION = YES;
				CLANG_WARN_OBJC_ROOT_CLASS = YES_ERROR;
				CLANG_WARN_QUOTED_INCLUDE_IN_FRAMEWORK_HEADER = YES;
				CLANG_WARN_RANGE_LOOP_ANALYSIS = YES;
				CLANG_WARN_STRICT_PROTOTYPES = YES;
				CLANG_WARN_SUSPICIOUS_MOVE = YES;
				CLANG_WARN_UNGUARDED_AVAILABILITY = YES_AGGRESSIVE;
				CLANG_WARN_UNREACHABLE_CODE = YES;
				CLANG_WARN__DUPLICATE_METHOD_MATCH = YES;
				COPY_PHASE_STRIP = NO;
				DEBUG_INFORMATION_FORMAT = "dwarf-with-dsym";
				ENABLE_NS_ASSERTIONS = NO;
				ENABLE_STRICT_OBJC_MSGSEND = YES;
				GCC_C_LANGUAGE_STANDARD = gnu11;
				GCC_NO_COMMON_BLOCKS = YES;
				GCC_WARN_64_TO_32_BIT_CONVERSION = YES;
				GCC_WARN_ABOUT_RETURN_TYPE = YES_ERROR;
				GCC_WARN_UNDECLARED_SELECTOR = YES;
				GCC_WARN_UNINITIALIZED_AUTOS = YES_AGGRESSIVE;
				GCC_WARN_UNUSED_FUNCTION = YES;
				GCC_WARN_UNUSED_VARIABLE = YES;
				MACOSX_DEPLOYMENT_TARGET = 13.3;
				MTL_ENABLE_DEBUG_INFO = NO;
				MTL_FAST_MATH = YES;
				SDKROOT = macosx;
				SWIFT_COMPILATION_MODE = wholemodule;
				SWIFT_OPTIMIZATION_LEVEL = "-O";
			};
			name = Release;
		};
		7166833A2A767E6B006ABF84 /* Debug */ = {
			isa = XCBuildConfiguration;
			buildSettings = {
				ASSETCATALOG_COMPILER_APPICON_NAME = AppIcon;
				ASSETCATALOG_COMPILER_GLOBAL_ACCENT_COLOR_NAME = AccentColor;
				CODE_SIGN_ENTITLEMENTS = Ice/Ice.entitlements;
				CODE_SIGN_STYLE = Automatic;
				COMBINE_HIDPI_IMAGES = YES;
				CURRENT_PROJECT_VERSION = 1;
				DEVELOPMENT_ASSET_PATHS = "";
				DEVELOPMENT_TEAM = 9QZT3K3FGH;
				ENABLE_HARDENED_RUNTIME = YES;
				ENABLE_PREVIEWS = YES;
				GENERATE_INFOPLIST_FILE = YES;
				INFOPLIST_KEY_NSHumanReadableCopyright = "";
				LD_RUNPATH_SEARCH_PATHS = (
					"$(inherited)",
					"@executable_path/../Frameworks",
				);
				MARKETING_VERSION = 1.0;
				PRODUCT_BUNDLE_IDENTIFIER = com.jordanbaird.Ice;
				PRODUCT_NAME = "$(TARGET_NAME)";
				SWIFT_EMIT_LOC_STRINGS = YES;
				SWIFT_VERSION = 5.0;
			};
			name = Debug;
		};
		7166833B2A767E6B006ABF84 /* Release */ = {
			isa = XCBuildConfiguration;
			buildSettings = {
				ASSETCATALOG_COMPILER_APPICON_NAME = AppIcon;
				ASSETCATALOG_COMPILER_GLOBAL_ACCENT_COLOR_NAME = AccentColor;
				CODE_SIGN_ENTITLEMENTS = Ice/Ice.entitlements;
				CODE_SIGN_STYLE = Automatic;
				COMBINE_HIDPI_IMAGES = YES;
				CURRENT_PROJECT_VERSION = 1;
				DEVELOPMENT_ASSET_PATHS = "";
				DEVELOPMENT_TEAM = 9QZT3K3FGH;
				ENABLE_HARDENED_RUNTIME = YES;
				ENABLE_PREVIEWS = YES;
				GENERATE_INFOPLIST_FILE = YES;
				INFOPLIST_KEY_NSHumanReadableCopyright = "";
				LD_RUNPATH_SEARCH_PATHS = (
					"$(inherited)",
					"@executable_path/../Frameworks",
				);
				MARKETING_VERSION = 1.0;
				PRODUCT_BUNDLE_IDENTIFIER = com.jordanbaird.Ice;
				PRODUCT_NAME = "$(TARGET_NAME)";
				SWIFT_EMIT_LOC_STRINGS = YES;
				SWIFT_VERSION = 5.0;
			};
			name = Release;
		};
/* End XCBuildConfiguration section */

/* Begin XCConfigurationList section */
		716683252A767E6A006ABF84 /* Build configuration list for PBXProject "Ice" */ = {
			isa = XCConfigurationList;
			buildConfigurations = (
				716683372A767E6B006ABF84 /* Debug */,
				716683382A767E6B006ABF84 /* Release */,
			);
			defaultConfigurationIsVisible = 0;
			defaultConfigurationName = Release;
		};
		716683392A767E6B006ABF84 /* Build configuration list for PBXNativeTarget "Ice" */ = {
			isa = XCConfigurationList;
			buildConfigurations = (
				7166833A2A767E6B006ABF84 /* Debug */,
				7166833B2A767E6B006ABF84 /* Release */,
			);
			defaultConfigurationIsVisible = 0;
			defaultConfigurationName = Release;
		};
/* End XCConfigurationList section */

/* Begin XCRemoteSwiftPackageReference section */
		71623BBA2A8AD27A002FD331 /* XCRemoteSwiftPackageReference "SwiftKeys" */ = {
			isa = XCRemoteSwiftPackageReference;
			repositoryURL = "https://github.com/jordanbaird/SwiftKeys";
			requirement = {
				kind = upToNextMajorVersion;
				minimumVersion = 0.1.9;
			};
		};
/* End XCRemoteSwiftPackageReference section */

/* Begin XCSwiftPackageProductDependency section */
		71623BBB2A8AD27A002FD331 /* SwiftKeys */ = {
			isa = XCSwiftPackageProductDependency;
			package = 71623BBA2A8AD27A002FD331 /* XCRemoteSwiftPackageReference "SwiftKeys" */;
			productName = SwiftKeys;
		};
/* End XCSwiftPackageProductDependency section */
	};
	rootObject = 716683222A767E6A006ABF84 /* Project object */;
}
