// !$*UTF8*$!
{
	archiveVersion = 1;
	classes = {
	};
	objectVersion = 56;
	objects = {

/* Begin PBXBuildFile section */
		170423D92B56DE78004A2549 /* Sparkle in Frameworks */ = {isa = PBXBuildFile; productRef = 170423D82B56DE78004A2549 /* Sparkle */; };
		170423DD2B56E77D004A2549 /* UpdatesManager.swift in Sources */ = {isa = PBXBuildFile; fileRef = 170423DC2B56E77D004A2549 /* UpdatesManager.swift */; };
		170749C82B12078F009DDF73 /* GlobalEventMonitor.swift in Sources */ = {isa = PBXBuildFile; fileRef = 170749C72B12078F009DDF73 /* GlobalEventMonitor.swift */; };
		170749CA2B1207D9009DDF73 /* UniversalEventMonitor.swift in Sources */ = {isa = PBXBuildFile; fileRef = 170749C92B1207D9009DDF73 /* UniversalEventMonitor.swift */; };
		170CF88E2B0EDD780073F982 /* AnyLocalizedError.swift in Sources */ = {isa = PBXBuildFile; fileRef = 170CF88D2B0EDD780073F982 /* AnyLocalizedError.swift */; };
		170CF8902B101D980073F982 /* ColorStop.swift in Sources */ = {isa = PBXBuildFile; fileRef = 170CF88F2B101D980073F982 /* ColorStop.swift */; };
		171C6F982C0353CE0097A5C8 /* MenuBarAppearanceEditor.swift in Sources */ = {isa = PBXBuildFile; fileRef = 171C6F972C0353CE0097A5C8 /* MenuBarAppearanceEditor.swift */; };
		171C6F9C2C0356BC0097A5C8 /* GeneralSettingsPane.swift in Sources */ = {isa = PBXBuildFile; fileRef = 171C6F9B2C0356BC0097A5C8 /* GeneralSettingsPane.swift */; };
		171C6FC62C0571510097A5C8 /* Bundle+copyrightString.swift in Sources */ = {isa = PBXBuildFile; fileRef = 171C6FC52C0571510097A5C8 /* Bundle+copyrightString.swift */; };
		171C6FC92C0659340097A5C8 /* Task+timeout.swift in Sources */ = {isa = PBXBuildFile; fileRef = 171C6FC82C0659340097A5C8 /* Task+timeout.swift */; };
		1725FC6A2AED973800A59081 /* AppState.swift in Sources */ = {isa = PBXBuildFile; fileRef = 1725FC692AED973800A59081 /* AppState.swift */; };
		172778482C1490EA00F6F687 /* EventTap.swift in Sources */ = {isa = PBXBuildFile; fileRef = 172778472C1490EA00F6F687 /* EventTap.swift */; };
		1727786E2C15181300F6F687 /* MenuBarItemManager.swift in Sources */ = {isa = PBXBuildFile; fileRef = 1727786D2C15181300F6F687 /* MenuBarItemManager.swift */; };
		172D827A2BC1F29E0048DD88 /* AccessibilityMenuBar.swift in Sources */ = {isa = PBXBuildFile; fileRef = 172D82792BC1F29E0048DD88 /* AccessibilityMenuBar.swift */; };
		172D827C2BC1F2C10048DD88 /* AccessibilityError.swift in Sources */ = {isa = PBXBuildFile; fileRef = 172D827B2BC1F2C10048DD88 /* AccessibilityError.swift */; };
		172D827E2BC1F2E70048DD88 /* AccessibilityMenuBarItem.swift in Sources */ = {isa = PBXBuildFile; fileRef = 172D827D2BC1F2E70048DD88 /* AccessibilityMenuBarItem.swift */; };
		172D82802BC1F3270048DD88 /* AccessibilityApplication.swift in Sources */ = {isa = PBXBuildFile; fileRef = 172D827F2BC1F3270048DD88 /* AccessibilityApplication.swift */; };
		1736F77C2ADBBF340073428E /* CustomGradientPicker.swift in Sources */ = {isa = PBXBuildFile; fileRef = 1736F77B2ADBBF340073428E /* CustomGradientPicker.swift */; };
		1736F7802ADBC02B0073428E /* CustomGradient.swift in Sources */ = {isa = PBXBuildFile; fileRef = 1736F77F2ADBC02B0073428E /* CustomGradient.swift */; };
		1737E3E52BA3C4AA009F0EFA /* HotkeyAction.swift in Sources */ = {isa = PBXBuildFile; fileRef = 1737E3E42BA3C4AA009F0EFA /* HotkeyAction.swift */; };
		173C24892B8E80830096F7A1 /* AboutSettingsPane.swift in Sources */ = {isa = PBXBuildFile; fileRef = 173C24882B8E80830096F7A1 /* AboutSettingsPane.swift */; };
		173C248C2B8E821C0096F7A1 /* UpdatesSettingsPane.swift in Sources */ = {isa = PBXBuildFile; fileRef = 173C248B2B8E821C0096F7A1 /* UpdatesSettingsPane.swift */; };
		174AA5D62B71D97100E3FE74 /* MenuBarOverlayPanel.swift in Sources */ = {isa = PBXBuildFile; fileRef = 174AA5D52B71D97100E3FE74 /* MenuBarOverlayPanel.swift */; };
		174D4E242BA1D28700D11129 /* HotkeyRecorder.swift in Sources */ = {isa = PBXBuildFile; fileRef = 174D4E232BA1D28700D11129 /* HotkeyRecorder.swift */; };
		174D4E262BA1D35D00D11129 /* HotkeyRecorderModel.swift in Sources */ = {isa = PBXBuildFile; fileRef = 174D4E252BA1D35D00D11129 /* HotkeyRecorderModel.swift */; };
		174D4E282BA2089100D11129 /* Hotkey.swift in Sources */ = {isa = PBXBuildFile; fileRef = 174D4E272BA2089100D11129 /* Hotkey.swift */; };
		174D4E2A2BA230FB00D11129 /* HotkeySettingsManager.swift in Sources */ = {isa = PBXBuildFile; fileRef = 174D4E292BA230FB00D11129 /* HotkeySettingsManager.swift */; };
		175061912B1543DD003144CD /* LaunchAtLogin in Frameworks */ = {isa = PBXBuildFile; productRef = 175061902B1543DD003144CD /* LaunchAtLogin */; };
		17540BD82B20C0DA00A0F965 /* NSBezierPath+drawShadow.swift in Sources */ = {isa = PBXBuildFile; fileRef = 17540BD72B20C0DA00A0F965 /* NSBezierPath+drawShadow.swift */; };
		17540BDC2B23BD5700A0F965 /* NSBezierPath+intersects.swift in Sources */ = {isa = PBXBuildFile; fileRef = 17540BDB2B23BD5700A0F965 /* NSBezierPath+intersects.swift */; };
		17543EB12C2C7A100052711E /* RunLoopLocalEventMonitor.swift in Sources */ = {isa = PBXBuildFile; fileRef = 17543EB02C2C7A100052711E /* RunLoopLocalEventMonitor.swift */; };
		175812542B80FBFA00D622DA /* MenuBarAppearanceEditorPanel.swift in Sources */ = {isa = PBXBuildFile; fileRef = 175812532B80FBFA00D622DA /* MenuBarAppearanceEditorPanel.swift */; };
		175812592B82ACA900D622DA /* Annotation.swift in Sources */ = {isa = PBXBuildFile; fileRef = 175812582B82ACA800D622DA /* Annotation.swift */; };
		176B23F42ADB76A1008AE86B /* CustomColorPicker.swift in Sources */ = {isa = PBXBuildFile; fileRef = 176B23F32ADB76A1008AE86B /* CustomColorPicker.swift */; };
		177354662B1B8502001CF731 /* MenuBarShape.swift in Sources */ = {isa = PBXBuildFile; fileRef = 177354652B1B8502001CF731 /* MenuBarShape.swift */; };
		1773546C2B1BBBA1001CF731 /* MenuBarShapePicker.swift in Sources */ = {isa = PBXBuildFile; fileRef = 1773546B2B1BBBA1001CF731 /* MenuBarShapePicker.swift */; };
		177354842B1F9AF9001CF731 /* NSBezierPath+union.swift in Sources */ = {isa = PBXBuildFile; fileRef = 177354832B1F9AF9001CF731 /* NSBezierPath+union.swift */; };
		177386F32B092A0700448BBF /* ControlItemImage.swift in Sources */ = {isa = PBXBuildFile; fileRef = 177386F22B092A0700448BBF /* ControlItemImage.swift */; };
		177386F52B0A654D00448BBF /* ControlItemImageSet.swift in Sources */ = {isa = PBXBuildFile; fileRef = 177386F42B0A654D00448BBF /* ControlItemImageSet.swift */; };
		1787C4272B16890B002F50DF /* AXSwift in Frameworks */ = {isa = PBXBuildFile; productRef = 1787C4262B16890B002F50DF /* AXSwift */; };
		1787C42C2B16AE0B002F50DF /* Permission.swift in Sources */ = {isa = PBXBuildFile; fileRef = 1787C42B2B16AE0B002F50DF /* Permission.swift */; };
		1787C4302B16AE78002F50DF /* PermissionsManager.swift in Sources */ = {isa = PBXBuildFile; fileRef = 1787C42F2B16AE78002F50DF /* PermissionsManager.swift */; };
		1787C4342B16AECF002F50DF /* PermissionsView.swift in Sources */ = {isa = PBXBuildFile; fileRef = 1787C4332B16AECF002F50DF /* PermissionsView.swift */; };
		1787C4362B17A9EB002F50DF /* Acknowledgements.pdf in Resources */ = {isa = PBXBuildFile; fileRef = 1787C4352B17A9EB002F50DF /* Acknowledgements.pdf */; };
		1787C43B2B187187002F50DF /* MenuBarTintKind.swift in Sources */ = {isa = PBXBuildFile; fileRef = 1787C43A2B187187002F50DF /* MenuBarTintKind.swift */; };
		17928F1A2AC5DF9C0016C615 /* Defaults.swift in Sources */ = {isa = PBXBuildFile; fileRef = 17928F192AC5DF9C0016C615 /* Defaults.swift */; };
		179AC2FC2C1146EF0051E7B0 /* RemoveSidebarToggle.swift in Sources */ = {isa = PBXBuildFile; fileRef = 179AC2FB2C1146EF0051E7B0 /* RemoveSidebarToggle.swift */; };
		179AC2FF2C11475F0051E7B0 /* NSSplitViewItem+swizzledCanCollapse.swift in Sources */ = {isa = PBXBuildFile; fileRef = 179AC2FE2C11475F0051E7B0 /* NSSplitViewItem+swizzledCanCollapse.swift */; };
		179F13BA2B90D34800EC6B52 /* MenuBarAppearanceConfiguration.swift in Sources */ = {isa = PBXBuildFile; fileRef = 179F13B92B90D34800EC6B52 /* MenuBarAppearanceConfiguration.swift */; };
		17AB36322BA081D800F50C0F /* NSImage+resized.swift in Sources */ = {isa = PBXBuildFile; fileRef = 17AB36312BA081D800F50C0F /* NSImage+resized.swift */; };
		17B331D02B9916E70084EBB0 /* SettingsManager.swift in Sources */ = {isa = PBXBuildFile; fileRef = 17B331CF2B9916E70084EBB0 /* SettingsManager.swift */; };
		17B331D32B991D290084EBB0 /* GeneralSettingsManager.swift in Sources */ = {isa = PBXBuildFile; fileRef = 17B331D22B991D290084EBB0 /* GeneralSettingsManager.swift */; };
		17B331D52B991D8D0084EBB0 /* AdvancedSettingsManager.swift in Sources */ = {isa = PBXBuildFile; fileRef = 17B331D42B991D8D0084EBB0 /* AdvancedSettingsManager.swift */; };
		17B380F32ADCBC8A0002C9C3 /* OnKeyDown.swift in Sources */ = {isa = PBXBuildFile; fileRef = 17B380F22ADCBC8A0002C9C3 /* OnKeyDown.swift */; };
		17B380F52ADCBE090002C9C3 /* LocalEventMonitorModifier.swift in Sources */ = {isa = PBXBuildFile; fileRef = 17B380F42ADCBE090002C9C3 /* LocalEventMonitorModifier.swift */; };
		17B7F32B2B264C1800CDCF49 /* MenuBarAppearanceManager.swift in Sources */ = {isa = PBXBuildFile; fileRef = 17B7F32A2B264C1800CDCF49 /* MenuBarAppearanceManager.swift */; };
		17BE3DD02C1A45B3008B98EF /* IceBar.swift in Sources */ = {isa = PBXBuildFile; fileRef = 17BE3DCF2C1A45B3008B98EF /* IceBar.swift */; };
		17BE3DDB2C1A63B6008B98EF /* LayoutBarStyle.swift in Sources */ = {isa = PBXBuildFile; fileRef = 17BE3DDA2C1A63B6008B98EF /* LayoutBarStyle.swift */; };
		17BE3DE02C1A705E008B98EF /* IceBarPanel+hasKeyAppearance.swift in Sources */ = {isa = PBXBuildFile; fileRef = 17BE3DDF2C1A705E008B98EF /* IceBarPanel+hasKeyAppearance.swift */; };
		17BE3DE22C1ACAEA008B98EF /* Erased.swift in Sources */ = {isa = PBXBuildFile; fileRef = 17BE3DE12C1ACAEA008B98EF /* Erased.swift */; };
		17C298B82BD42C390074DEAC /* Predicates.swift in Sources */ = {isa = PBXBuildFile; fileRef = 17C298B72BD42C390074DEAC /* Predicates.swift */; };
		17C303782BA62CD20079755B /* MigrationManager.swift in Sources */ = {isa = PBXBuildFile; fileRef = 17C303772BA62CD20079755B /* MigrationManager.swift */; };
		17C3C5F72B75A36100B9648C /* NSScreen+displayID.swift in Sources */ = {isa = PBXBuildFile; fileRef = 17C3C5F62B75A36100B9648C /* NSScreen+displayID.swift */; };
		17CC22B02B8A0CA6001A0582 /* HotkeysSettingsPane.swift in Sources */ = {isa = PBXBuildFile; fileRef = 17CC22AF2B8A0CA6001A0582 /* HotkeysSettingsPane.swift */; };
		17CC22B52B8A55E7001A0582 /* WindowInfo.swift in Sources */ = {isa = PBXBuildFile; fileRef = 17CC22B42B8A55E7001A0582 /* WindowInfo.swift */; };
		17CC22BC2B8CDE6F001A0582 /* EventManager.swift in Sources */ = {isa = PBXBuildFile; fileRef = 17CC22BB2B8CDE6F001A0582 /* EventManager.swift */; };
		17CDCACD2C2E6F6A000B1CFF /* Deprecated.swift in Sources */ = {isa = PBXBuildFile; fileRef = 17CDCACC2C2E6F6A000B1CFF /* Deprecated.swift */; };
		17CDCACF2C2E6F77000B1CFF /* Private.swift in Sources */ = {isa = PBXBuildFile; fileRef = 17CDCACE2C2E6F77000B1CFF /* Private.swift */; };
		17CDCAD12C2E6FB0000B1CFF /* Bridging.swift in Sources */ = {isa = PBXBuildFile; fileRef = 17CDCAD02C2E6FB0000B1CFF /* Bridging.swift */; };
		17CDCAD42C2E8A04000B1CFF /* CGError+logString.swift in Sources */ = {isa = PBXBuildFile; fileRef = 17CDCAD32C2E8A04000B1CFF /* CGError+logString.swift */; };
		17D1AC8D2B97BB5900726180 /* MenuBarItem.swift in Sources */ = {isa = PBXBuildFile; fileRef = 17D1AC8C2B97BB5900726180 /* MenuBarItem.swift */; };
		17D1AC8F2B97E71D00726180 /* AdvancedSettingsPane.swift in Sources */ = {isa = PBXBuildFile; fileRef = 17D1AC8E2B97E71D00726180 /* AdvancedSettingsPane.swift */; };
		17DFF4AC2AD5FB3300B5177A /* MenuBarAppearanceSettingsPane.swift in Sources */ = {isa = PBXBuildFile; fileRef = 17DFF4AB2AD5FB3300B5177A /* MenuBarAppearanceSettingsPane.swift */; };
		17DFF4C02AD8DBC500B5177A /* CodableColor.swift in Sources */ = {isa = PBXBuildFile; fileRef = 17DFF4BF2AD8DBC500B5177A /* CodableColor.swift */; };
		17EC6B582AE0C34A0065F260 /* Comparable+clamped.swift in Sources */ = {isa = PBXBuildFile; fileRef = 17EC6B572AE0C34A0065F260 /* Comparable+clamped.swift */; };
		17ECD4EE2B290F8D00E33147 /* PermissionsWindow.swift in Sources */ = {isa = PBXBuildFile; fileRef = 17ECD4ED2B290F8D00E33147 /* PermissionsWindow.swift */; };
		17EE69592C25A5BB00F778A7 /* NSScreen+screenWithMouse.swift in Sources */ = {isa = PBXBuildFile; fileRef = 17EE69582C25A5BA00F778A7 /* NSScreen+screenWithMouse.swift */; };
		17EE695E2C26618F00F778A7 /* AnyInsettableShape.swift in Sources */ = {isa = PBXBuildFile; fileRef = 17EE695D2C26618F00F778A7 /* AnyInsettableShape.swift */; };
		17EE69612C26A80300F778A7 /* CGColor+brightness.swift in Sources */ = {isa = PBXBuildFile; fileRef = 17EE69602C26A80300F778A7 /* CGColor+brightness.swift */; };
		17EE69652C27777C00F778A7 /* MenuBarItemImageCache.swift in Sources */ = {isa = PBXBuildFile; fileRef = 17EE69642C27777C00F778A7 /* MenuBarItemImageCache.swift */; };
		17EE69682C277B4E00F778A7 /* Publisher+mapToVoid.swift in Sources */ = {isa = PBXBuildFile; fileRef = 17EE69672C277B4E00F778A7 /* Publisher+mapToVoid.swift */; };
		17EE696A2C282ACC00F778A7 /* IceBarLocation.swift in Sources */ = {isa = PBXBuildFile; fileRef = 17EE69692C282ACC00F778A7 /* IceBarLocation.swift */; };
		17F71BB22B87E37800905CBA /* RehideStrategy.swift in Sources */ = {isa = PBXBuildFile; fileRef = 17F71BB12B87E37800905CBA /* RehideStrategy.swift */; };
		17F71BB52B880B4500905CBA /* CompactSlider in Frameworks */ = {isa = PBXBuildFile; productRef = 17F71BB42B880B4500905CBA /* CompactSlider */; };
		17F93D2C2C20FC440058C0AF /* Sequence+sortedByOrderInMenuBar.swift in Sources */ = {isa = PBXBuildFile; fileRef = 17F93D2B2C20FC440058C0AF /* Sequence+sortedByOrderInMenuBar.swift */; };
		17F998322C15C91400D75EC0 /* MouseCursor.swift in Sources */ = {isa = PBXBuildFile; fileRef = 17F998312C15C91400D75EC0 /* MouseCursor.swift */; };
		17F9983C2C1655EF00D75EC0 /* LayoutBarContainer.swift in Sources */ = {isa = PBXBuildFile; fileRef = 17F9983B2C1655EF00D75EC0 /* LayoutBarContainer.swift */; };
		17F9983E2C16562300D75EC0 /* LayoutBarItemView.swift in Sources */ = {isa = PBXBuildFile; fileRef = 17F9983D2C16562300D75EC0 /* LayoutBarItemView.swift */; };
		17F998412C16568600D75EC0 /* CGImage+trimmingTransparentPixels.swift in Sources */ = {isa = PBXBuildFile; fileRef = 17F998402C16568600D75EC0 /* CGImage+trimmingTransparentPixels.swift */; };
		17F998462C16C78000D75EC0 /* Injection.swift in Sources */ = {isa = PBXBuildFile; fileRef = 17F998452C16C78000D75EC0 /* Injection.swift */; };
		17F9984B2C16CBC100D75EC0 /* LayoutBar.swift in Sources */ = {isa = PBXBuildFile; fileRef = 17F9984A2C16CBC100D75EC0 /* LayoutBar.swift */; };
		17F9984D2C16CD8E00D75EC0 /* MenuBarItemsSettingsPane.swift in Sources */ = {isa = PBXBuildFile; fileRef = 17F9984C2C16CD8E00D75EC0 /* MenuBarItemsSettingsPane.swift */; };
		17F9984F2C16CF8600D75EC0 /* LayoutBarPaddingView.swift in Sources */ = {isa = PBXBuildFile; fileRef = 17F9984E2C16CF8600D75EC0 /* LayoutBarPaddingView.swift */; };
		17F998512C16D02E00D75EC0 /* LayoutBarScrollView.swift in Sources */ = {isa = PBXBuildFile; fileRef = 17F998502C16D02E00D75EC0 /* LayoutBarScrollView.swift */; };
		17F998532C16EFCD00D75EC0 /* CGImage+averageColor.swift in Sources */ = {isa = PBXBuildFile; fileRef = 17F998522C16EFCD00D75EC0 /* CGImage+averageColor.swift */; };
		17FE5AD32BCA7A7500E4F8D9 /* ScreenStateManager.swift in Sources */ = {isa = PBXBuildFile; fileRef = 17FE5AD22BCA7A7500E4F8D9 /* ScreenStateManager.swift */; };
		17FE5AD52BCA9BE200E4F8D9 /* ScreenState.swift in Sources */ = {isa = PBXBuildFile; fileRef = 17FE5AD42BCA9BE200E4F8D9 /* ScreenState.swift */; };
		71008DF02AB907B00036B1F3 /* ObjectAssociation.swift in Sources */ = {isa = PBXBuildFile; fileRef = 71008DEF2AB907B00036B1F3 /* ObjectAssociation.swift */; };
		711535F22AB9F6C1003193AD /* BindingExposable.swift in Sources */ = {isa = PBXBuildFile; fileRef = 711535F12AB9F6C1003193AD /* BindingExposable.swift */; };
		7133ED5E2A853FCF000A7E1B /* Constants.swift in Sources */ = {isa = PBXBuildFile; fileRef = 7133ED5D2A853FCF000A7E1B /* Constants.swift */; };
		7133ED652A85811C000A7E1B /* NSApplication+windowWithIdentifier.swift in Sources */ = {isa = PBXBuildFile; fileRef = 7133ED642A85811C000A7E1B /* NSApplication+windowWithIdentifier.swift */; };
		7133ED6A2A85870E000A7E1B /* SettingsView.swift in Sources */ = {isa = PBXBuildFile; fileRef = 7133ED692A85870E000A7E1B /* SettingsView.swift */; };
		7133ED712A85AE6A000A7E1B /* SettingsNavigationItem.swift in Sources */ = {isa = PBXBuildFile; fileRef = 7133ED702A85AE6A000A7E1B /* SettingsNavigationItem.swift */; };
		7150A7AD2AA4265F0045EA68 /* KeyCombination.swift in Sources */ = {isa = PBXBuildFile; fileRef = 7150A7AC2AA4265F0045EA68 /* KeyCombination.swift */; };
		7150A7AF2AA426C60045EA68 /* HotkeyRegistry.swift in Sources */ = {isa = PBXBuildFile; fileRef = 7150A7AE2AA426C60045EA68 /* HotkeyRegistry.swift */; };
		7150A7B12AA427F80045EA68 /* KeyCode.swift in Sources */ = {isa = PBXBuildFile; fileRef = 7150A7B02AA427F80045EA68 /* KeyCode.swift */; };
		7150A7B32AA42B640045EA68 /* Modifiers.swift in Sources */ = {isa = PBXBuildFile; fileRef = 7150A7B22AA42B640045EA68 /* Modifiers.swift */; };
		71604D612AAE62DA002FE96F /* BottomBar.swift in Sources */ = {isa = PBXBuildFile; fileRef = 71604D602AAE62DA002FE96F /* BottomBar.swift */; };
		7162406F2AA0A323003EC671 /* MenuBarSection.swift in Sources */ = {isa = PBXBuildFile; fileRef = 7162406E2AA0A323003EC671 /* MenuBarSection.swift */; };
		7166832E2A767E6A006ABF84 /* IceApp.swift in Sources */ = {isa = PBXBuildFile; fileRef = 7166832D2A767E6A006ABF84 /* IceApp.swift */; };
		716683322A767E6B006ABF84 /* Assets.xcassets in Resources */ = {isa = PBXBuildFile; fileRef = 716683312A767E6B006ABF84 /* Assets.xcassets */; };
		7166833D2A7680CE006ABF84 /* AppDelegate.swift in Sources */ = {isa = PBXBuildFile; fileRef = 7166833C2A7680CE006ABF84 /* AppDelegate.swift */; };
		7166834B2A76811C006ABF84 /* Logger+initWithCategory.swift in Sources */ = {isa = PBXBuildFile; fileRef = 716683452A76811C006ABF84 /* Logger+initWithCategory.swift */; };
		7166834C2A76811C006ABF84 /* NSStatusItem+showMenu.swift in Sources */ = {isa = PBXBuildFile; fileRef = 716683472A76811C006ABF84 /* NSStatusItem+showMenu.swift */; };
		716683502A7681AF006ABF84 /* MenuBarManager.swift in Sources */ = {isa = PBXBuildFile; fileRef = 7166834F2A7681AF006ABF84 /* MenuBarManager.swift */; };
		716683522A76820A006ABF84 /* ControlItem.swift in Sources */ = {isa = PBXBuildFile; fileRef = 716683512A76820A006ABF84 /* ControlItem.swift */; };
		71839C162A9B6A0D00250044 /* OnFrameChange.swift in Sources */ = {isa = PBXBuildFile; fileRef = 71839C152A9B6A0D00250044 /* OnFrameChange.swift */; };
		71C400322AAD76A8006FDB1C /* ReadWindow.swift in Sources */ = {isa = PBXBuildFile; fileRef = 71C400312AAD76A8006FDB1C /* ReadWindow.swift */; };
		71D2B02E2AAFDD5C0002B6C8 /* Bundle+versionString.swift in Sources */ = {isa = PBXBuildFile; fileRef = 71D2B02D2AAFDD5C0002B6C8 /* Bundle+versionString.swift */; };
		71D36C4F2A88FE4900D89CD5 /* SettingsWindow.swift in Sources */ = {isa = PBXBuildFile; fileRef = 71D36C4E2A88FE4900D89CD5 /* SettingsWindow.swift */; };
		71FEA2542A8D701B0048341A /* LocalEventMonitor.swift in Sources */ = {isa = PBXBuildFile; fileRef = 71FEA2532A8D701B0048341A /* LocalEventMonitor.swift */; };
/* End PBXBuildFile section */

/* Begin PBXFileReference section */
		170423DC2B56E77D004A2549 /* UpdatesManager.swift */ = {isa = PBXFileReference; lastKnownFileType = sourcecode.swift; path = UpdatesManager.swift; sourceTree = "<group>"; };
		170749C72B12078F009DDF73 /* GlobalEventMonitor.swift */ = {isa = PBXFileReference; lastKnownFileType = sourcecode.swift; path = GlobalEventMonitor.swift; sourceTree = "<group>"; };
		170749C92B1207D9009DDF73 /* UniversalEventMonitor.swift */ = {isa = PBXFileReference; lastKnownFileType = sourcecode.swift; path = UniversalEventMonitor.swift; sourceTree = "<group>"; };
		170CF88D2B0EDD780073F982 /* AnyLocalizedError.swift */ = {isa = PBXFileReference; lastKnownFileType = sourcecode.swift; path = AnyLocalizedError.swift; sourceTree = "<group>"; };
		170CF88F2B101D980073F982 /* ColorStop.swift */ = {isa = PBXFileReference; lastKnownFileType = sourcecode.swift; path = ColorStop.swift; sourceTree = "<group>"; };
		171C6F972C0353CE0097A5C8 /* MenuBarAppearanceEditor.swift */ = {isa = PBXFileReference; lastKnownFileType = sourcecode.swift; path = MenuBarAppearanceEditor.swift; sourceTree = "<group>"; };
		171C6F9B2C0356BC0097A5C8 /* GeneralSettingsPane.swift */ = {isa = PBXFileReference; lastKnownFileType = sourcecode.swift; path = GeneralSettingsPane.swift; sourceTree = "<group>"; };
		171C6FC52C0571510097A5C8 /* Bundle+copyrightString.swift */ = {isa = PBXFileReference; lastKnownFileType = sourcecode.swift; path = "Bundle+copyrightString.swift"; sourceTree = "<group>"; };
		171C6FC82C0659340097A5C8 /* Task+timeout.swift */ = {isa = PBXFileReference; lastKnownFileType = sourcecode.swift; path = "Task+timeout.swift"; sourceTree = "<group>"; };
		1725FC692AED973800A59081 /* AppState.swift */ = {isa = PBXFileReference; lastKnownFileType = sourcecode.swift; path = AppState.swift; sourceTree = "<group>"; };
		1726A3F82B3378B8008B09DD /* Acknowledgements.rtf */ = {isa = PBXFileReference; fileEncoding = 4; lastKnownFileType = text.rtf; path = Acknowledgements.rtf; sourceTree = "<group>"; };
		172778472C1490EA00F6F687 /* EventTap.swift */ = {isa = PBXFileReference; lastKnownFileType = sourcecode.swift; path = EventTap.swift; sourceTree = "<group>"; };
		1727786D2C15181300F6F687 /* MenuBarItemManager.swift */ = {isa = PBXFileReference; lastKnownFileType = sourcecode.swift; path = MenuBarItemManager.swift; sourceTree = "<group>"; };
		172D82792BC1F29E0048DD88 /* AccessibilityMenuBar.swift */ = {isa = PBXFileReference; lastKnownFileType = sourcecode.swift; path = AccessibilityMenuBar.swift; sourceTree = "<group>"; };
		172D827B2BC1F2C10048DD88 /* AccessibilityError.swift */ = {isa = PBXFileReference; lastKnownFileType = sourcecode.swift; path = AccessibilityError.swift; sourceTree = "<group>"; };
		172D827D2BC1F2E70048DD88 /* AccessibilityMenuBarItem.swift */ = {isa = PBXFileReference; lastKnownFileType = sourcecode.swift; path = AccessibilityMenuBarItem.swift; sourceTree = "<group>"; };
		172D827F2BC1F3270048DD88 /* AccessibilityApplication.swift */ = {isa = PBXFileReference; lastKnownFileType = sourcecode.swift; path = AccessibilityApplication.swift; sourceTree = "<group>"; };
		1736F77B2ADBBF340073428E /* CustomGradientPicker.swift */ = {isa = PBXFileReference; lastKnownFileType = sourcecode.swift; path = CustomGradientPicker.swift; sourceTree = "<group>"; };
		1736F77F2ADBC02B0073428E /* CustomGradient.swift */ = {isa = PBXFileReference; lastKnownFileType = sourcecode.swift; path = CustomGradient.swift; sourceTree = "<group>"; };
		1737E3E42BA3C4AA009F0EFA /* HotkeyAction.swift */ = {isa = PBXFileReference; lastKnownFileType = sourcecode.swift; path = HotkeyAction.swift; sourceTree = "<group>"; };
		173C24882B8E80830096F7A1 /* AboutSettingsPane.swift */ = {isa = PBXFileReference; lastKnownFileType = sourcecode.swift; path = AboutSettingsPane.swift; sourceTree = "<group>"; };
		173C248B2B8E821C0096F7A1 /* UpdatesSettingsPane.swift */ = {isa = PBXFileReference; lastKnownFileType = sourcecode.swift; path = UpdatesSettingsPane.swift; sourceTree = "<group>"; };
		174AA5D52B71D97100E3FE74 /* MenuBarOverlayPanel.swift */ = {isa = PBXFileReference; lastKnownFileType = sourcecode.swift; path = MenuBarOverlayPanel.swift; sourceTree = "<group>"; };
		174D4E232BA1D28700D11129 /* HotkeyRecorder.swift */ = {isa = PBXFileReference; lastKnownFileType = sourcecode.swift; path = HotkeyRecorder.swift; sourceTree = "<group>"; };
		174D4E252BA1D35D00D11129 /* HotkeyRecorderModel.swift */ = {isa = PBXFileReference; lastKnownFileType = sourcecode.swift; path = HotkeyRecorderModel.swift; sourceTree = "<group>"; };
		174D4E272BA2089100D11129 /* Hotkey.swift */ = {isa = PBXFileReference; lastKnownFileType = sourcecode.swift; path = Hotkey.swift; sourceTree = "<group>"; };
		174D4E292BA230FB00D11129 /* HotkeySettingsManager.swift */ = {isa = PBXFileReference; lastKnownFileType = sourcecode.swift; path = HotkeySettingsManager.swift; sourceTree = "<group>"; };
		17540BD72B20C0DA00A0F965 /* NSBezierPath+drawShadow.swift */ = {isa = PBXFileReference; lastKnownFileType = sourcecode.swift; path = "NSBezierPath+drawShadow.swift"; sourceTree = "<group>"; };
		17540BDB2B23BD5700A0F965 /* NSBezierPath+intersects.swift */ = {isa = PBXFileReference; lastKnownFileType = sourcecode.swift; path = "NSBezierPath+intersects.swift"; sourceTree = "<group>"; };
		17543EB02C2C7A100052711E /* RunLoopLocalEventMonitor.swift */ = {isa = PBXFileReference; lastKnownFileType = sourcecode.swift; path = RunLoopLocalEventMonitor.swift; sourceTree = "<group>"; };
		175812532B80FBFA00D622DA /* MenuBarAppearanceEditorPanel.swift */ = {isa = PBXFileReference; lastKnownFileType = sourcecode.swift; path = MenuBarAppearanceEditorPanel.swift; sourceTree = "<group>"; };
		175812582B82ACA800D622DA /* Annotation.swift */ = {isa = PBXFileReference; lastKnownFileType = sourcecode.swift; path = Annotation.swift; sourceTree = "<group>"; };
		176B23F32ADB76A1008AE86B /* CustomColorPicker.swift */ = {isa = PBXFileReference; lastKnownFileType = sourcecode.swift; path = CustomColorPicker.swift; sourceTree = "<group>"; };
		177354652B1B8502001CF731 /* MenuBarShape.swift */ = {isa = PBXFileReference; lastKnownFileType = sourcecode.swift; path = MenuBarShape.swift; sourceTree = "<group>"; };
		1773546B2B1BBBA1001CF731 /* MenuBarShapePicker.swift */ = {isa = PBXFileReference; lastKnownFileType = sourcecode.swift; path = MenuBarShapePicker.swift; sourceTree = "<group>"; };
		177354832B1F9AF9001CF731 /* NSBezierPath+union.swift */ = {isa = PBXFileReference; lastKnownFileType = sourcecode.swift; path = "NSBezierPath+union.swift"; sourceTree = "<group>"; };
		177386F22B092A0700448BBF /* ControlItemImage.swift */ = {isa = PBXFileReference; lastKnownFileType = sourcecode.swift; path = ControlItemImage.swift; sourceTree = "<group>"; };
		177386F42B0A654D00448BBF /* ControlItemImageSet.swift */ = {isa = PBXFileReference; lastKnownFileType = sourcecode.swift; path = ControlItemImageSet.swift; sourceTree = "<group>"; };
		1787C42B2B16AE0B002F50DF /* Permission.swift */ = {isa = PBXFileReference; lastKnownFileType = sourcecode.swift; path = Permission.swift; sourceTree = "<group>"; };
		1787C42F2B16AE78002F50DF /* PermissionsManager.swift */ = {isa = PBXFileReference; lastKnownFileType = sourcecode.swift; path = PermissionsManager.swift; sourceTree = "<group>"; };
		1787C4332B16AECF002F50DF /* PermissionsView.swift */ = {isa = PBXFileReference; lastKnownFileType = sourcecode.swift; path = PermissionsView.swift; sourceTree = "<group>"; };
		1787C4352B17A9EB002F50DF /* Acknowledgements.pdf */ = {isa = PBXFileReference; lastKnownFileType = image.pdf; path = Acknowledgements.pdf; sourceTree = "<group>"; };
		1787C43A2B187187002F50DF /* MenuBarTintKind.swift */ = {isa = PBXFileReference; lastKnownFileType = sourcecode.swift; path = MenuBarTintKind.swift; sourceTree = "<group>"; };
		17928F192AC5DF9C0016C615 /* Defaults.swift */ = {isa = PBXFileReference; lastKnownFileType = sourcecode.swift; path = Defaults.swift; sourceTree = "<group>"; };
		179AC2FB2C1146EF0051E7B0 /* RemoveSidebarToggle.swift */ = {isa = PBXFileReference; lastKnownFileType = sourcecode.swift; path = RemoveSidebarToggle.swift; sourceTree = "<group>"; };
		179AC2FE2C11475F0051E7B0 /* NSSplitViewItem+swizzledCanCollapse.swift */ = {isa = PBXFileReference; lastKnownFileType = sourcecode.swift; path = "NSSplitViewItem+swizzledCanCollapse.swift"; sourceTree = "<group>"; };
		179F13B92B90D34800EC6B52 /* MenuBarAppearanceConfiguration.swift */ = {isa = PBXFileReference; lastKnownFileType = sourcecode.swift; path = MenuBarAppearanceConfiguration.swift; sourceTree = "<group>"; };
		17AB36312BA081D800F50C0F /* NSImage+resized.swift */ = {isa = PBXFileReference; lastKnownFileType = sourcecode.swift; path = "NSImage+resized.swift"; sourceTree = "<group>"; };
		17B331CF2B9916E70084EBB0 /* SettingsManager.swift */ = {isa = PBXFileReference; lastKnownFileType = sourcecode.swift; path = SettingsManager.swift; sourceTree = "<group>"; };
		17B331D22B991D290084EBB0 /* GeneralSettingsManager.swift */ = {isa = PBXFileReference; lastKnownFileType = sourcecode.swift; path = GeneralSettingsManager.swift; sourceTree = "<group>"; };
		17B331D42B991D8D0084EBB0 /* AdvancedSettingsManager.swift */ = {isa = PBXFileReference; lastKnownFileType = sourcecode.swift; path = AdvancedSettingsManager.swift; sourceTree = "<group>"; };
		17B380F22ADCBC8A0002C9C3 /* OnKeyDown.swift */ = {isa = PBXFileReference; lastKnownFileType = sourcecode.swift; path = OnKeyDown.swift; sourceTree = "<group>"; };
		17B380F42ADCBE090002C9C3 /* LocalEventMonitorModifier.swift */ = {isa = PBXFileReference; lastKnownFileType = sourcecode.swift; path = LocalEventMonitorModifier.swift; sourceTree = "<group>"; };
		17B7F32A2B264C1800CDCF49 /* MenuBarAppearanceManager.swift */ = {isa = PBXFileReference; lastKnownFileType = sourcecode.swift; path = MenuBarAppearanceManager.swift; sourceTree = "<group>"; };
		17BE3DCF2C1A45B3008B98EF /* IceBar.swift */ = {isa = PBXFileReference; lastKnownFileType = sourcecode.swift; path = IceBar.swift; sourceTree = "<group>"; };
		17BE3DDA2C1A63B6008B98EF /* LayoutBarStyle.swift */ = {isa = PBXFileReference; lastKnownFileType = sourcecode.swift; path = LayoutBarStyle.swift; sourceTree = "<group>"; };
		17BE3DDF2C1A705E008B98EF /* IceBarPanel+hasKeyAppearance.swift */ = {isa = PBXFileReference; lastKnownFileType = sourcecode.swift; path = "IceBarPanel+hasKeyAppearance.swift"; sourceTree = "<group>"; };
		17BE3DE12C1ACAEA008B98EF /* Erased.swift */ = {isa = PBXFileReference; lastKnownFileType = sourcecode.swift; path = Erased.swift; sourceTree = "<group>"; };
		17C261E22B5AC03C0076F129 /* Info.plist */ = {isa = PBXFileReference; fileEncoding = 4; lastKnownFileType = text.plist.xml; path = Info.plist; sourceTree = "<group>"; };
		17C298B72BD42C390074DEAC /* Predicates.swift */ = {isa = PBXFileReference; lastKnownFileType = sourcecode.swift; path = Predicates.swift; sourceTree = "<group>"; };
		17C303772BA62CD20079755B /* MigrationManager.swift */ = {isa = PBXFileReference; lastKnownFileType = sourcecode.swift; path = MigrationManager.swift; sourceTree = "<group>"; };
		17C3C5F62B75A36100B9648C /* NSScreen+displayID.swift */ = {isa = PBXFileReference; lastKnownFileType = sourcecode.swift; path = "NSScreen+displayID.swift"; sourceTree = "<group>"; };
		17CC22AF2B8A0CA6001A0582 /* HotkeysSettingsPane.swift */ = {isa = PBXFileReference; lastKnownFileType = sourcecode.swift; path = HotkeysSettingsPane.swift; sourceTree = "<group>"; };
		17CC22B42B8A55E7001A0582 /* WindowInfo.swift */ = {isa = PBXFileReference; lastKnownFileType = sourcecode.swift; path = WindowInfo.swift; sourceTree = "<group>"; };
		17CC22BB2B8CDE6F001A0582 /* EventManager.swift */ = {isa = PBXFileReference; lastKnownFileType = sourcecode.swift; path = EventManager.swift; sourceTree = "<group>"; };
		17CDCACC2C2E6F6A000B1CFF /* Deprecated.swift */ = {isa = PBXFileReference; lastKnownFileType = sourcecode.swift; path = Deprecated.swift; sourceTree = "<group>"; };
		17CDCACE2C2E6F77000B1CFF /* Private.swift */ = {isa = PBXFileReference; lastKnownFileType = sourcecode.swift; path = Private.swift; sourceTree = "<group>"; };
		17CDCAD02C2E6FB0000B1CFF /* Bridging.swift */ = {isa = PBXFileReference; lastKnownFileType = sourcecode.swift; path = Bridging.swift; sourceTree = "<group>"; };
		17CDCAD32C2E8A04000B1CFF /* CGError+logString.swift */ = {isa = PBXFileReference; lastKnownFileType = sourcecode.swift; path = "CGError+logString.swift"; sourceTree = "<group>"; };
		17D1AC8C2B97BB5900726180 /* MenuBarItem.swift */ = {isa = PBXFileReference; lastKnownFileType = sourcecode.swift; path = MenuBarItem.swift; sourceTree = "<group>"; };
		17D1AC8E2B97E71D00726180 /* AdvancedSettingsPane.swift */ = {isa = PBXFileReference; lastKnownFileType = sourcecode.swift; path = AdvancedSettingsPane.swift; sourceTree = "<group>"; };
		17DFF4AB2AD5FB3300B5177A /* MenuBarAppearanceSettingsPane.swift */ = {isa = PBXFileReference; lastKnownFileType = sourcecode.swift; path = MenuBarAppearanceSettingsPane.swift; sourceTree = "<group>"; };
		17DFF4BF2AD8DBC500B5177A /* CodableColor.swift */ = {isa = PBXFileReference; lastKnownFileType = sourcecode.swift; path = CodableColor.swift; sourceTree = "<group>"; };
		17EC6B572AE0C34A0065F260 /* Comparable+clamped.swift */ = {isa = PBXFileReference; lastKnownFileType = sourcecode.swift; path = "Comparable+clamped.swift"; sourceTree = "<group>"; };
		17ECD4ED2B290F8D00E33147 /* PermissionsWindow.swift */ = {isa = PBXFileReference; lastKnownFileType = sourcecode.swift; path = PermissionsWindow.swift; sourceTree = "<group>"; };
		17EE69582C25A5BA00F778A7 /* NSScreen+screenWithMouse.swift */ = {isa = PBXFileReference; lastKnownFileType = sourcecode.swift; path = "NSScreen+screenWithMouse.swift"; sourceTree = "<group>"; };
		17EE695D2C26618F00F778A7 /* AnyInsettableShape.swift */ = {isa = PBXFileReference; lastKnownFileType = sourcecode.swift; path = AnyInsettableShape.swift; sourceTree = "<group>"; };
		17EE69602C26A80300F778A7 /* CGColor+brightness.swift */ = {isa = PBXFileReference; lastKnownFileType = sourcecode.swift; path = "CGColor+brightness.swift"; sourceTree = "<group>"; };
		17EE69642C27777C00F778A7 /* MenuBarItemImageCache.swift */ = {isa = PBXFileReference; lastKnownFileType = sourcecode.swift; path = MenuBarItemImageCache.swift; sourceTree = "<group>"; };
		17EE69672C277B4E00F778A7 /* Publisher+mapToVoid.swift */ = {isa = PBXFileReference; lastKnownFileType = sourcecode.swift; path = "Publisher+mapToVoid.swift"; sourceTree = "<group>"; };
		17EE69692C282ACC00F778A7 /* IceBarLocation.swift */ = {isa = PBXFileReference; lastKnownFileType = sourcecode.swift; path = IceBarLocation.swift; sourceTree = "<group>"; };
		17F71BB12B87E37800905CBA /* RehideStrategy.swift */ = {isa = PBXFileReference; lastKnownFileType = sourcecode.swift; path = RehideStrategy.swift; sourceTree = "<group>"; };
		17F93D2B2C20FC440058C0AF /* Sequence+sortedByOrderInMenuBar.swift */ = {isa = PBXFileReference; lastKnownFileType = sourcecode.swift; path = "Sequence+sortedByOrderInMenuBar.swift"; sourceTree = "<group>"; };
		17F998312C15C91400D75EC0 /* MouseCursor.swift */ = {isa = PBXFileReference; lastKnownFileType = sourcecode.swift; path = MouseCursor.swift; sourceTree = "<group>"; };
		17F9983B2C1655EF00D75EC0 /* LayoutBarContainer.swift */ = {isa = PBXFileReference; lastKnownFileType = sourcecode.swift; path = LayoutBarContainer.swift; sourceTree = "<group>"; };
		17F9983D2C16562300D75EC0 /* LayoutBarItemView.swift */ = {isa = PBXFileReference; lastKnownFileType = sourcecode.swift; path = LayoutBarItemView.swift; sourceTree = "<group>"; };
		17F998402C16568600D75EC0 /* CGImage+trimmingTransparentPixels.swift */ = {isa = PBXFileReference; lastKnownFileType = sourcecode.swift; path = "CGImage+trimmingTransparentPixels.swift"; sourceTree = "<group>"; };
		17F998452C16C78000D75EC0 /* Injection.swift */ = {isa = PBXFileReference; fileEncoding = 4; lastKnownFileType = sourcecode.swift; path = Injection.swift; sourceTree = "<group>"; };
		17F9984A2C16CBC100D75EC0 /* LayoutBar.swift */ = {isa = PBXFileReference; lastKnownFileType = sourcecode.swift; path = LayoutBar.swift; sourceTree = "<group>"; };
		17F9984C2C16CD8E00D75EC0 /* MenuBarItemsSettingsPane.swift */ = {isa = PBXFileReference; lastKnownFileType = sourcecode.swift; path = MenuBarItemsSettingsPane.swift; sourceTree = "<group>"; };
		17F9984E2C16CF8600D75EC0 /* LayoutBarPaddingView.swift */ = {isa = PBXFileReference; fileEncoding = 4; lastKnownFileType = sourcecode.swift; path = LayoutBarPaddingView.swift; sourceTree = "<group>"; };
		17F998502C16D02E00D75EC0 /* LayoutBarScrollView.swift */ = {isa = PBXFileReference; fileEncoding = 4; lastKnownFileType = sourcecode.swift; path = LayoutBarScrollView.swift; sourceTree = "<group>"; };
		17F998522C16EFCD00D75EC0 /* CGImage+averageColor.swift */ = {isa = PBXFileReference; fileEncoding = 4; lastKnownFileType = sourcecode.swift; path = "CGImage+averageColor.swift"; sourceTree = "<group>"; };
		17FE5AD22BCA7A7500E4F8D9 /* ScreenStateManager.swift */ = {isa = PBXFileReference; lastKnownFileType = sourcecode.swift; path = ScreenStateManager.swift; sourceTree = "<group>"; };
		17FE5AD42BCA9BE200E4F8D9 /* ScreenState.swift */ = {isa = PBXFileReference; lastKnownFileType = sourcecode.swift; path = ScreenState.swift; sourceTree = "<group>"; };
		71008DEF2AB907B00036B1F3 /* ObjectAssociation.swift */ = {isa = PBXFileReference; lastKnownFileType = sourcecode.swift; path = ObjectAssociation.swift; sourceTree = "<group>"; };
		711535F12AB9F6C1003193AD /* BindingExposable.swift */ = {isa = PBXFileReference; lastKnownFileType = sourcecode.swift; path = BindingExposable.swift; sourceTree = "<group>"; };
		7133ED5D2A853FCF000A7E1B /* Constants.swift */ = {isa = PBXFileReference; lastKnownFileType = sourcecode.swift; path = Constants.swift; sourceTree = "<group>"; };
		7133ED642A85811C000A7E1B /* NSApplication+windowWithIdentifier.swift */ = {isa = PBXFileReference; lastKnownFileType = sourcecode.swift; path = "NSApplication+windowWithIdentifier.swift"; sourceTree = "<group>"; };
		7133ED692A85870E000A7E1B /* SettingsView.swift */ = {isa = PBXFileReference; lastKnownFileType = sourcecode.swift; path = SettingsView.swift; sourceTree = "<group>"; };
		7133ED702A85AE6A000A7E1B /* SettingsNavigationItem.swift */ = {isa = PBXFileReference; lastKnownFileType = sourcecode.swift; path = SettingsNavigationItem.swift; sourceTree = "<group>"; };
		7150A7AC2AA4265F0045EA68 /* KeyCombination.swift */ = {isa = PBXFileReference; lastKnownFileType = sourcecode.swift; path = KeyCombination.swift; sourceTree = "<group>"; };
		7150A7AE2AA426C60045EA68 /* HotkeyRegistry.swift */ = {isa = PBXFileReference; lastKnownFileType = sourcecode.swift; path = HotkeyRegistry.swift; sourceTree = "<group>"; };
		7150A7B02AA427F80045EA68 /* KeyCode.swift */ = {isa = PBXFileReference; lastKnownFileType = sourcecode.swift; path = KeyCode.swift; sourceTree = "<group>"; };
		7150A7B22AA42B640045EA68 /* Modifiers.swift */ = {isa = PBXFileReference; lastKnownFileType = sourcecode.swift; path = Modifiers.swift; sourceTree = "<group>"; };
		71604D602AAE62DA002FE96F /* BottomBar.swift */ = {isa = PBXFileReference; lastKnownFileType = sourcecode.swift; path = BottomBar.swift; sourceTree = "<group>"; };
		7162406E2AA0A323003EC671 /* MenuBarSection.swift */ = {isa = PBXFileReference; lastKnownFileType = sourcecode.swift; path = MenuBarSection.swift; sourceTree = "<group>"; };
		7166832A2A767E6A006ABF84 /* Ice.app */ = {isa = PBXFileReference; explicitFileType = wrapper.application; includeInIndex = 0; path = Ice.app; sourceTree = BUILT_PRODUCTS_DIR; };
		7166832D2A767E6A006ABF84 /* IceApp.swift */ = {isa = PBXFileReference; lastKnownFileType = sourcecode.swift; path = IceApp.swift; sourceTree = "<group>"; };
		716683312A767E6B006ABF84 /* Assets.xcassets */ = {isa = PBXFileReference; lastKnownFileType = folder.assetcatalog; path = Assets.xcassets; sourceTree = "<group>"; };
		716683362A767E6B006ABF84 /* Ice.entitlements */ = {isa = PBXFileReference; lastKnownFileType = text.plist.entitlements; path = Ice.entitlements; sourceTree = "<group>"; };
		7166833C2A7680CE006ABF84 /* AppDelegate.swift */ = {isa = PBXFileReference; lastKnownFileType = sourcecode.swift; path = AppDelegate.swift; sourceTree = "<group>"; };
		716683452A76811C006ABF84 /* Logger+initWithCategory.swift */ = {isa = PBXFileReference; fileEncoding = 4; lastKnownFileType = sourcecode.swift; path = "Logger+initWithCategory.swift"; sourceTree = "<group>"; };
		716683472A76811C006ABF84 /* NSStatusItem+showMenu.swift */ = {isa = PBXFileReference; fileEncoding = 4; lastKnownFileType = sourcecode.swift; path = "NSStatusItem+showMenu.swift"; sourceTree = "<group>"; };
		7166834F2A7681AF006ABF84 /* MenuBarManager.swift */ = {isa = PBXFileReference; lastKnownFileType = sourcecode.swift; path = MenuBarManager.swift; sourceTree = "<group>"; };
		716683512A76820A006ABF84 /* ControlItem.swift */ = {isa = PBXFileReference; lastKnownFileType = sourcecode.swift; path = ControlItem.swift; sourceTree = "<group>"; };
		71839C152A9B6A0D00250044 /* OnFrameChange.swift */ = {isa = PBXFileReference; lastKnownFileType = sourcecode.swift; path = OnFrameChange.swift; sourceTree = "<group>"; };
		71C400312AAD76A8006FDB1C /* ReadWindow.swift */ = {isa = PBXFileReference; lastKnownFileType = sourcecode.swift; path = ReadWindow.swift; sourceTree = "<group>"; };
		71D2B02D2AAFDD5C0002B6C8 /* Bundle+versionString.swift */ = {isa = PBXFileReference; lastKnownFileType = sourcecode.swift; path = "Bundle+versionString.swift"; sourceTree = "<group>"; };
		71D36C4E2A88FE4900D89CD5 /* SettingsWindow.swift */ = {isa = PBXFileReference; lastKnownFileType = sourcecode.swift; path = SettingsWindow.swift; sourceTree = "<group>"; };
		71FEA2532A8D701B0048341A /* LocalEventMonitor.swift */ = {isa = PBXFileReference; lastKnownFileType = sourcecode.swift; path = LocalEventMonitor.swift; sourceTree = "<group>"; };
/* End PBXFileReference section */

/* Begin PBXFrameworksBuildPhase section */
		716683272A767E6A006ABF84 /* Frameworks */ = {
			isa = PBXFrameworksBuildPhase;
			buildActionMask = 2147483647;
			files = (
				170423D92B56DE78004A2549 /* Sparkle in Frameworks */,
				175061912B1543DD003144CD /* LaunchAtLogin in Frameworks */,
				1787C4272B16890B002F50DF /* AXSwift in Frameworks */,
				17F71BB52B880B4500905CBA /* CompactSlider in Frameworks */,
			);
			runOnlyForDeploymentPostprocessing = 0;
		};
/* End PBXFrameworksBuildPhase section */

/* Begin PBXGroup section */
		170423DB2B56E759004A2549 /* Updates */ = {
			isa = PBXGroup;
			children = (
				170423DC2B56E77D004A2549 /* UpdatesManager.swift */,
			);
			path = Updates;
			sourceTree = "<group>";
		};
		1706D7582B5302A60053D1E8 /* HotkeyRecorder */ = {
			isa = PBXGroup;
			children = (
				174D4E232BA1D28700D11129 /* HotkeyRecorder.swift */,
				174D4E252BA1D35D00D11129 /* HotkeyRecorderModel.swift */,
			);
			path = HotkeyRecorder;
			sourceTree = "<group>";
		};
		170749BF2B11A2BB009DDF73 /* Resources */ = {
			isa = PBXGroup;
			children = (
				1726A3F82B3378B8008B09DD /* Acknowledgements.rtf */,
				1787C4352B17A9EB002F50DF /* Acknowledgements.pdf */,
			);
			path = Resources;
			sourceTree = "<group>";
		};
		170749CB2B120951009DDF73 /* EventMonitors */ = {
			isa = PBXGroup;
			children = (
				172778472C1490EA00F6F687 /* EventTap.swift */,
				170749C72B12078F009DDF73 /* GlobalEventMonitor.swift */,
				71FEA2532A8D701B0048341A /* LocalEventMonitor.swift */,
				17543EB02C2C7A100052711E /* RunLoopLocalEventMonitor.swift */,
				170749C92B1207D9009DDF73 /* UniversalEventMonitor.swift */,
			);
			path = EventMonitors;
			sourceTree = "<group>";
		};
		17147FBE2B99513200C4A435 /* Events */ = {
			isa = PBXGroup;
			children = (
				17CC22BB2B8CDE6F001A0582 /* EventManager.swift */,
			);
			path = Events;
			sourceTree = "<group>";
		};
		171C6FC72C0659250097A5C8 /* Task */ = {
			isa = PBXGroup;
			children = (
				171C6FC82C0659340097A5C8 /* Task+timeout.swift */,
			);
			path = Task;
			sourceTree = "<group>";
		};
		172778442C1489DF00F6F687 /* Frameworks */ = {
			isa = PBXGroup;
			children = (
			);
			name = Frameworks;
			sourceTree = "<group>";
		};
		172D82782BC1F2950048DD88 /* Accessibility */ = {
			isa = PBXGroup;
			children = (
				172D827B2BC1F2C10048DD88 /* AccessibilityError.swift */,
				172D82792BC1F29E0048DD88 /* AccessibilityMenuBar.swift */,
				172D827F2BC1F3270048DD88 /* AccessibilityApplication.swift */,
				172D827D2BC1F2E70048DD88 /* AccessibilityMenuBarItem.swift */,
			);
			path = Accessibility;
			sourceTree = "<group>";
		};
		1736F7762ADBBEF10073428E /* CustomGradientPicker */ = {
			isa = PBXGroup;
			children = (
				170CF88F2B101D980073F982 /* ColorStop.swift */,
				1736F77F2ADBC02B0073428E /* CustomGradient.swift */,
				1736F77B2ADBBF340073428E /* CustomGradientPicker.swift */,
			);
			path = CustomGradientPicker;
			sourceTree = "<group>";
		};
		177354672B1BBAB3001CF731 /* MenuBarAppearanceSettingsPane */ = {
			isa = PBXGroup;
			children = (
				171C6F972C0353CE0097A5C8 /* MenuBarAppearanceEditor.swift */,
				17DFF4AB2AD5FB3300B5177A /* MenuBarAppearanceSettingsPane.swift */,
				1773546B2B1BBBA1001CF731 /* MenuBarShapePicker.swift */,
			);
			path = MenuBarAppearanceSettingsPane;
			sourceTree = "<group>";
		};
		177354822B1F9AE1001CF731 /* NSBezierPath */ = {
			isa = PBXGroup;
			children = (
				17540BD72B20C0DA00A0F965 /* NSBezierPath+drawShadow.swift */,
				177354832B1F9AF9001CF731 /* NSBezierPath+union.swift */,
				17540BDB2B23BD5700A0F965 /* NSBezierPath+intersects.swift */,
			);
			path = NSBezierPath;
			sourceTree = "<group>";
		};
		177386F62B0A656100448BBF /* ControlItem */ = {
			isa = PBXGroup;
			children = (
				716683512A76820A006ABF84 /* ControlItem.swift */,
				177386F22B092A0700448BBF /* ControlItemImage.swift */,
				177386F42B0A654D00448BBF /* ControlItemImageSet.swift */,
			);
			path = ControlItem;
			sourceTree = "<group>";
		};
		1787C42A2B16ADF2002F50DF /* Permissions */ = {
			isa = PBXGroup;
			children = (
				1787C42B2B16AE0B002F50DF /* Permission.swift */,
				1787C42F2B16AE78002F50DF /* PermissionsManager.swift */,
				1787C4332B16AECF002F50DF /* PermissionsView.swift */,
				17ECD4ED2B290F8D00E33147 /* PermissionsWindow.swift */,
			);
			path = Permissions;
			sourceTree = "<group>";
		};
		179267372AE98870006AFBAF /* ViewModifiers */ = {
			isa = PBXGroup;
			children = (
				175812582B82ACA800D622DA /* Annotation.swift */,
				71604D602AAE62DA002FE96F /* BottomBar.swift */,
				17BE3DE12C1ACAEA008B98EF /* Erased.swift */,
				17BE3DDA2C1A63B6008B98EF /* LayoutBarStyle.swift */,
				17B380F42ADCBE090002C9C3 /* LocalEventMonitorModifier.swift */,
				71839C152A9B6A0D00250044 /* OnFrameChange.swift */,
				17B380F22ADCBC8A0002C9C3 /* OnKeyDown.swift */,
				71C400312AAD76A8006FDB1C /* ReadWindow.swift */,
				179AC2FB2C1146EF0051E7B0 /* RemoveSidebarToggle.swift */,
			);
			path = ViewModifiers;
			sourceTree = "<group>";
		};
		179AC2FD2C1147500051E7B0 /* Swizzling */ = {
			isa = PBXGroup;
			children = (
				179AC2FE2C11475F0051E7B0 /* NSSplitViewItem+swizzledCanCollapse.swift */,
				17BE3DDF2C1A705E008B98EF /* IceBarPanel+hasKeyAppearance.swift */,
			);
			path = Swizzling;
			sourceTree = "<group>";
		};
		179F13BC2B91E7F700EC6B52 /* MenuBarAppearance */ = {
			isa = PBXGroup;
			children = (
				179F13B92B90D34800EC6B52 /* MenuBarAppearanceConfiguration.swift */,
				175812532B80FBFA00D622DA /* MenuBarAppearanceEditorPanel.swift */,
				17B7F32A2B264C1800CDCF49 /* MenuBarAppearanceManager.swift */,
				174AA5D52B71D97100E3FE74 /* MenuBarOverlayPanel.swift */,
				177354652B1B8502001CF731 /* MenuBarShape.swift */,
				1787C43A2B187187002F50DF /* MenuBarTintKind.swift */,
			);
			path = MenuBarAppearance;
			sourceTree = "<group>";
		};
		17AB36302BA081C400F50C0F /* NSImage */ = {
			isa = PBXGroup;
			children = (
				17AB36312BA081D800F50C0F /* NSImage+resized.swift */,
			);
			path = NSImage;
			sourceTree = "<group>";
		};
		17B331D12B991D180084EBB0 /* SettingsManagers */ = {
			isa = PBXGroup;
			children = (
				17B331D42B991D8D0084EBB0 /* AdvancedSettingsManager.swift */,
				17B331D22B991D290084EBB0 /* GeneralSettingsManager.swift */,
				174D4E292BA230FB00D11129 /* HotkeySettingsManager.swift */,
				17B331CF2B9916E70084EBB0 /* SettingsManager.swift */,
			);
			path = SettingsManagers;
			sourceTree = "<group>";
		};
		17BE3DCE2C1A458E008B98EF /* IceBar */ = {
			isa = PBXGroup;
			children = (
				17BE3DCF2C1A45B3008B98EF /* IceBar.swift */,
				17EE69692C282ACC00F778A7 /* IceBarLocation.swift */,
			);
			path = IceBar;
			sourceTree = "<group>";
		};
		17C261E72B5AEB7A0076F129 /* Main */ = {
			isa = PBXGroup;
			children = (
				7166833C2A7680CE006ABF84 /* AppDelegate.swift */,
				1725FC692AED973800A59081 /* AppState.swift */,
				7166832D2A767E6A006ABF84 /* IceApp.swift */,
			);
			path = Main;
			sourceTree = "<group>";
		};
		17C3C5F52B75A35000B9648C /* NSScreen */ = {
			isa = PBXGroup;
			children = (
				17C3C5F62B75A36100B9648C /* NSScreen+displayID.swift */,
				17EE69582C25A5BA00F778A7 /* NSScreen+screenWithMouse.swift */,
			);
			path = NSScreen;
			sourceTree = "<group>";
		};
		17CDCACA2C2E6F3D000B1CFF /* Bridging */ = {
			isa = PBXGroup;
			children = (
				17CDCACB2C2E6F55000B1CFF /* Shims */,
				17CDCAD02C2E6FB0000B1CFF /* Bridging.swift */,
			);
			path = Bridging;
			sourceTree = "<group>";
		};
		17CDCACB2C2E6F55000B1CFF /* Shims */ = {
			isa = PBXGroup;
			children = (
				17CDCACC2C2E6F6A000B1CFF /* Deprecated.swift */,
				17CDCACE2C2E6F77000B1CFF /* Private.swift */,
			);
			path = Shims;
			sourceTree = "<group>";
		};
		17CDCAD22C2E89FD000B1CFF /* CGError */ = {
			isa = PBXGroup;
			children = (
				17CDCAD32C2E8A04000B1CFF /* CGError+logString.swift */,
			);
			path = CGError;
			sourceTree = "<group>";
		};
		17EC6B522AE0C09F0065F260 /* Pickers */ = {
			isa = PBXGroup;
			children = (
				17EC6B532AE0C0C50065F260 /* CustomColorPicker */,
				1736F7762ADBBEF10073428E /* CustomGradientPicker */,
			);
			path = Pickers;
			sourceTree = "<group>";
		};
		17EC6B532AE0C0C50065F260 /* CustomColorPicker */ = {
			isa = PBXGroup;
			children = (
				176B23F32ADB76A1008AE86B /* CustomColorPicker.swift */,
			);
			path = CustomColorPicker;
			sourceTree = "<group>";
		};
		17EC6B562AE0C3340065F260 /* Comparable */ = {
			isa = PBXGroup;
			children = (
				17EC6B572AE0C34A0065F260 /* Comparable+clamped.swift */,
			);
			path = Comparable;
			sourceTree = "<group>";
		};
		17EE695C2C26617100F778A7 /* Shapes */ = {
			isa = PBXGroup;
			children = (
				17EE695D2C26618F00F778A7 /* AnyInsettableShape.swift */,
			);
			path = Shapes;
			sourceTree = "<group>";
		};
		17EE695F2C26A7F600F778A7 /* CGColor */ = {
			isa = PBXGroup;
			children = (
				17EE69602C26A80300F778A7 /* CGColor+brightness.swift */,
			);
			path = CGColor;
			sourceTree = "<group>";
		};
		17EE69662C277B4300F778A7 /* Publisher */ = {
			isa = PBXGroup;
			children = (
				17EE69672C277B4E00F778A7 /* Publisher+mapToVoid.swift */,
			);
			path = Publisher;
			sourceTree = "<group>";
		};
		17F93D2A2C20FC340058C0AF /* Sequence */ = {
			isa = PBXGroup;
			children = (
				17F93D2B2C20FC440058C0AF /* Sequence+sortedByOrderInMenuBar.swift */,
			);
			path = Sequence;
			sourceTree = "<group>";
		};
		17F9983A2C1655D200D75EC0 /* LayoutBar */ = {
			isa = PBXGroup;
			children = (
				17F9984A2C16CBC100D75EC0 /* LayoutBar.swift */,
				17F9983B2C1655EF00D75EC0 /* LayoutBarContainer.swift */,
				17F9983D2C16562300D75EC0 /* LayoutBarItemView.swift */,
				17F9984E2C16CF8600D75EC0 /* LayoutBarPaddingView.swift */,
				17F998502C16D02E00D75EC0 /* LayoutBarScrollView.swift */,
			);
			path = LayoutBar;
			sourceTree = "<group>";
		};
		17F9983F2C16567E00D75EC0 /* CGImage */ = {
			isa = PBXGroup;
			children = (
				17F998522C16EFCD00D75EC0 /* CGImage+averageColor.swift */,
				17F998402C16568600D75EC0 /* CGImage+trimmingTransparentPixels.swift */,
			);
			path = CGImage;
			sourceTree = "<group>";
		};
		17FE5AD62BCA9BEC00E4F8D9 /* ScreenState */ = {
			isa = PBXGroup;
			children = (
				17FE5AD22BCA7A7500E4F8D9 /* ScreenStateManager.swift */,
				17FE5AD42BCA9BE200E4F8D9 /* ScreenState.swift */,
			);
			path = ScreenState;
			sourceTree = "<group>";
		};
		7133ED5F2A855ADA000A7E1B /* NSApplication */ = {
			isa = PBXGroup;
			children = (
				7133ED642A85811C000A7E1B /* NSApplication+windowWithIdentifier.swift */,
			);
			path = NSApplication;
			sourceTree = "<group>";
		};
		7133ED662A858230000A7E1B /* Settings */ = {
			isa = PBXGroup;
			children = (
				7133ED702A85AE6A000A7E1B /* SettingsNavigationItem.swift */,
				7133ED692A85870E000A7E1B /* SettingsView.swift */,
				71D36C4E2A88FE4900D89CD5 /* SettingsWindow.swift */,
				17B331D12B991D180084EBB0 /* SettingsManagers */,
				7162406B2A9F1607003EC671 /* SettingsPanes */,
			);
			path = Settings;
			sourceTree = "<group>";
		};
		7150A7AB2AA4262F0045EA68 /* Hotkeys */ = {
			isa = PBXGroup;
			children = (
				174D4E272BA2089100D11129 /* Hotkey.swift */,
				1737E3E42BA3C4AA009F0EFA /* HotkeyAction.swift */,
				7150A7AE2AA426C60045EA68 /* HotkeyRegistry.swift */,
				7150A7B02AA427F80045EA68 /* KeyCode.swift */,
				7150A7AC2AA4265F0045EA68 /* KeyCombination.swift */,
				7150A7B22AA42B640045EA68 /* Modifiers.swift */,
				1706D7582B5302A60053D1E8 /* HotkeyRecorder */,
			);
			path = Hotkeys;
			sourceTree = "<group>";
		};
		7162406B2A9F1607003EC671 /* SettingsPanes */ = {
			isa = PBXGroup;
			children = (
				173C24882B8E80830096F7A1 /* AboutSettingsPane.swift */,
				17D1AC8E2B97E71D00726180 /* AdvancedSettingsPane.swift */,
				171C6F9B2C0356BC0097A5C8 /* GeneralSettingsPane.swift */,
				17CC22AF2B8A0CA6001A0582 /* HotkeysSettingsPane.swift */,
				17F9984C2C16CD8E00D75EC0 /* MenuBarItemsSettingsPane.swift */,
				173C248B2B8E821C0096F7A1 /* UpdatesSettingsPane.swift */,
				177354672B1BBAB3001CF731 /* MenuBarAppearanceSettingsPane */,
			);
			path = SettingsPanes;
			sourceTree = "<group>";
		};
		716683212A767E6A006ABF84 = {
			isa = PBXGroup;
			children = (
				7166832C2A767E6A006ABF84 /* Ice */,
				7166832B2A767E6A006ABF84 /* Products */,
				172778442C1489DF00F6F687 /* Frameworks */,
			);
			sourceTree = "<group>";
		};
		7166832B2A767E6A006ABF84 /* Products */ = {
			isa = PBXGroup;
			children = (
				7166832A2A767E6A006ABF84 /* Ice.app */,
			);
			name = Products;
			sourceTree = "<group>";
		};
		7166832C2A767E6A006ABF84 /* Ice */ = {
			isa = PBXGroup;
			children = (
				172D82782BC1F2950048DD88 /* Accessibility */,
				17CDCACA2C2E6F3D000B1CFF /* Bridging */,
				177386F62B0A656100448BBF /* ControlItem */,
				17147FBE2B99513200C4A435 /* Events */,
				716683412A76811C006ABF84 /* Extensions */,
				7150A7AB2AA4262F0045EA68 /* Hotkeys */,
				17BE3DCE2C1A458E008B98EF /* IceBar */,
				17F9983A2C1655D200D75EC0 /* LayoutBar */,
				17C261E72B5AEB7A0076F129 /* Main */,
				7166834E2A768190006ABF84 /* MenuBar */,
				179F13BC2B91E7F700EC6B52 /* MenuBarAppearance */,
				1787C42A2B16ADF2002F50DF /* Permissions */,
				7133ED662A858230000A7E1B /* Settings */,
				71D36C522A89443800D89CD5 /* UI */,
				170423DB2B56E759004A2549 /* Updates */,
				7166833E2A76811C006ABF84 /* Utilities */,
				170749BF2B11A2BB009DDF73 /* Resources */,
				716683312A767E6B006ABF84 /* Assets.xcassets */,
				716683362A767E6B006ABF84 /* Ice.entitlements */,
				17C261E22B5AC03C0076F129 /* Info.plist */,
			);
			path = Ice;
			sourceTree = "<group>";
		};
		7166833E2A76811C006ABF84 /* Utilities */ = {
			isa = PBXGroup;
			children = (
				170CF88D2B0EDD780073F982 /* AnyLocalizedError.swift */,
				711535F12AB9F6C1003193AD /* BindingExposable.swift */,
				17DFF4BF2AD8DBC500B5177A /* CodableColor.swift */,
				7133ED5D2A853FCF000A7E1B /* Constants.swift */,
				17928F192AC5DF9C0016C615 /* Defaults.swift */,
				17F998452C16C78000D75EC0 /* Injection.swift */,
				17C303772BA62CD20079755B /* MigrationManager.swift */,
				17F998312C15C91400D75EC0 /* MouseCursor.swift */,
				71008DEF2AB907B00036B1F3 /* ObjectAssociation.swift */,
				17C298B72BD42C390074DEAC /* Predicates.swift */,
				17CC22B42B8A55E7001A0582 /* WindowInfo.swift */,
				170749CB2B120951009DDF73 /* EventMonitors */,
				17FE5AD62BCA9BEC00E4F8D9 /* ScreenState */,
				179AC2FD2C1147500051E7B0 /* Swizzling */,
			);
			path = Utilities;
			sourceTree = "<group>";
		};
		716683412A76811C006ABF84 /* Extensions */ = {
			isa = PBXGroup;
			children = (
				71D2B02A2AAFD88E0002B6C8 /* Bundle */,
				17EE695F2C26A7F600F778A7 /* CGColor */,
				17CDCAD22C2E89FD000B1CFF /* CGError */,
				17F9983F2C16567E00D75EC0 /* CGImage */,
				17EC6B562AE0C3340065F260 /* Comparable */,
				716683442A76811C006ABF84 /* Logger */,
				7133ED5F2A855ADA000A7E1B /* NSApplication */,
				177354822B1F9AE1001CF731 /* NSBezierPath */,
				17AB36302BA081C400F50C0F /* NSImage */,
				17C3C5F52B75A35000B9648C /* NSScreen */,
				716683462A76811C006ABF84 /* NSStatusItem */,
				17EE69662C277B4300F778A7 /* Publisher */,
				17F93D2A2C20FC340058C0AF /* Sequence */,
				171C6FC72C0659250097A5C8 /* Task */,
			);
			path = Extensions;
			sourceTree = "<group>";
		};
		716683442A76811C006ABF84 /* Logger */ = {
			isa = PBXGroup;
			children = (
				716683452A76811C006ABF84 /* Logger+initWithCategory.swift */,
			);
			path = Logger;
			sourceTree = "<group>";
		};
		716683462A76811C006ABF84 /* NSStatusItem */ = {
			isa = PBXGroup;
			children = (
				716683472A76811C006ABF84 /* NSStatusItem+showMenu.swift */,
			);
			path = NSStatusItem;
			sourceTree = "<group>";
		};
		7166834E2A768190006ABF84 /* MenuBar */ = {
			isa = PBXGroup;
			children = (
				17D1AC8C2B97BB5900726180 /* MenuBarItem.swift */,
				17EE69642C27777C00F778A7 /* MenuBarItemImageCache.swift */,
				1727786D2C15181300F6F687 /* MenuBarItemManager.swift */,
				7166834F2A7681AF006ABF84 /* MenuBarManager.swift */,
				7162406E2AA0A323003EC671 /* MenuBarSection.swift */,
				17F71BB12B87E37800905CBA /* RehideStrategy.swift */,
			);
			path = MenuBar;
			sourceTree = "<group>";
		};
		71D2B02A2AAFD88E0002B6C8 /* Bundle */ = {
			isa = PBXGroup;
			children = (
				171C6FC52C0571510097A5C8 /* Bundle+copyrightString.swift */,
				71D2B02D2AAFDD5C0002B6C8 /* Bundle+versionString.swift */,
			);
			path = Bundle;
			sourceTree = "<group>";
		};
		71D36C522A89443800D89CD5 /* UI */ = {
			isa = PBXGroup;
			children = (
				17EC6B522AE0C09F0065F260 /* Pickers */,
				17EE695C2C26617100F778A7 /* Shapes */,
				179267372AE98870006AFBAF /* ViewModifiers */,
			);
			path = UI;
			sourceTree = "<group>";
		};
/* End PBXGroup section */

/* Begin PBXNativeTarget section */
		716683292A767E6A006ABF84 /* Ice */ = {
			isa = PBXNativeTarget;
			buildConfigurationList = 716683392A767E6B006ABF84 /* Build configuration list for PBXNativeTarget "Ice" */;
			buildPhases = (
				716683262A767E6A006ABF84 /* Sources */,
				716683272A767E6A006ABF84 /* Frameworks */,
				716683282A767E6A006ABF84 /* Resources */,
				1720D48F2BB9B60500A7AC63 /* SwiftLint */,
			);
			buildRules = (
			);
			dependencies = (
			);
			name = Ice;
			packageProductDependencies = (
				175061902B1543DD003144CD /* LaunchAtLogin */,
				1787C4262B16890B002F50DF /* AXSwift */,
				170423D82B56DE78004A2549 /* Sparkle */,
				17F71BB42B880B4500905CBA /* CompactSlider */,
			);
			productName = Ice;
			productReference = 7166832A2A767E6A006ABF84 /* Ice.app */;
			productType = "com.apple.product-type.application";
		};
/* End PBXNativeTarget section */

/* Begin PBXProject section */
		716683222A767E6A006ABF84 /* Project object */ = {
			isa = PBXProject;
			attributes = {
				BuildIndependentTargetsInParallel = 1;
				LastSwiftUpdateCheck = 1430;
				LastUpgradeCheck = 1500;
				TargetAttributes = {
					716683292A767E6A006ABF84 = {
						CreatedOnToolsVersion = 14.3.1;
					};
				};
			};
			buildConfigurationList = 716683252A767E6A006ABF84 /* Build configuration list for PBXProject "Ice" */;
			compatibilityVersion = "Xcode 14.0";
			developmentRegion = en;
			hasScannedForEncodings = 0;
			knownRegions = (
				en,
				Base,
			);
			mainGroup = 716683212A767E6A006ABF84;
			packageReferences = (
				1750618F2B1543DD003144CD /* XCRemoteSwiftPackageReference "LaunchAtLogin-Modern" */,
				1787C4252B16890B002F50DF /* XCRemoteSwiftPackageReference "AXSwift" */,
				170423D72B56DE78004A2549 /* XCRemoteSwiftPackageReference "Sparkle" */,
				17F71BB32B880B4500905CBA /* XCRemoteSwiftPackageReference "CompactSlider" */,
			);
			productRefGroup = 7166832B2A767E6A006ABF84 /* Products */;
			projectDirPath = "";
			projectRoot = "";
			targets = (
				716683292A767E6A006ABF84 /* Ice */,
			);
		};
/* End PBXProject section */

/* Begin PBXResourcesBuildPhase section */
		716683282A767E6A006ABF84 /* Resources */ = {
			isa = PBXResourcesBuildPhase;
			buildActionMask = 2147483647;
			files = (
				716683322A767E6B006ABF84 /* Assets.xcassets in Resources */,
				1787C4362B17A9EB002F50DF /* Acknowledgements.pdf in Resources */,
			);
			runOnlyForDeploymentPostprocessing = 0;
		};
/* End PBXResourcesBuildPhase section */

/* Begin PBXShellScriptBuildPhase section */
		1720D48F2BB9B60500A7AC63 /* SwiftLint */ = {
			isa = PBXShellScriptBuildPhase;
			alwaysOutOfDate = 1;
			buildActionMask = 2147483647;
			files = (
			);
			inputFileListPaths = (
			);
			inputPaths = (
			);
			name = SwiftLint;
			outputFileListPaths = (
			);
			outputPaths = (
			);
			runOnlyForDeploymentPostprocessing = 0;
			shellPath = /bin/sh;
			shellScript = "if [[ \"$(uname -m)\" == arm64 ]]; then\n    export PATH=\"/opt/homebrew/bin:$PATH\"\nfi\n\nif which swiftlint > /dev/null; then\n  swiftlint\nelse\n  echo \"warning: SwiftLint not installed, download from https://github.com/realm/SwiftLint\"\nfi\n";
		};
/* End PBXShellScriptBuildPhase section */

/* Begin PBXSourcesBuildPhase section */
		716683262A767E6A006ABF84 /* Sources */ = {
			isa = PBXSourcesBuildPhase;
			buildActionMask = 2147483647;
			files = (
				17928F1A2AC5DF9C0016C615 /* Defaults.swift in Sources */,
				179F13BA2B90D34800EC6B52 /* MenuBarAppearanceConfiguration.swift in Sources */,
				171C6FC62C0571510097A5C8 /* Bundle+copyrightString.swift in Sources */,
				71FEA2542A8D701B0048341A /* LocalEventMonitor.swift in Sources */,
				7150A7AF2AA426C60045EA68 /* HotkeyRegistry.swift in Sources */,
				7162406F2AA0A323003EC671 /* MenuBarSection.swift in Sources */,
				172D827A2BC1F29E0048DD88 /* AccessibilityMenuBar.swift in Sources */,
				177386F52B0A654D00448BBF /* ControlItemImageSet.swift in Sources */,
				17CDCACF2C2E6F77000B1CFF /* Private.swift in Sources */,
				17BE3DE02C1A705E008B98EF /* IceBarPanel+hasKeyAppearance.swift in Sources */,
				173C24892B8E80830096F7A1 /* AboutSettingsPane.swift in Sources */,
				177386F32B092A0700448BBF /* ControlItemImage.swift in Sources */,
				17EE696A2C282ACC00F778A7 /* IceBarLocation.swift in Sources */,
				17EC6B582AE0C34A0065F260 /* Comparable+clamped.swift in Sources */,
				1787C43B2B187187002F50DF /* MenuBarTintKind.swift in Sources */,
				17F93D2C2C20FC440058C0AF /* Sequence+sortedByOrderInMenuBar.swift in Sources */,
				1725FC6A2AED973800A59081 /* AppState.swift in Sources */,
				1727786E2C15181300F6F687 /* MenuBarItemManager.swift in Sources */,
				170749CA2B1207D9009DDF73 /* UniversalEventMonitor.swift in Sources */,
				17F9983E2C16562300D75EC0 /* LayoutBarItemView.swift in Sources */,
				17F998322C15C91400D75EC0 /* MouseCursor.swift in Sources */,
				171C6FC92C0659340097A5C8 /* Task+timeout.swift in Sources */,
				17F71BB22B87E37800905CBA /* RehideStrategy.swift in Sources */,
				17F9984F2C16CF8600D75EC0 /* LayoutBarPaddingView.swift in Sources */,
				17B380F32ADCBC8A0002C9C3 /* OnKeyDown.swift in Sources */,
				1736F77C2ADBBF340073428E /* CustomGradientPicker.swift in Sources */,
				17543EB12C2C7A100052711E /* RunLoopLocalEventMonitor.swift in Sources */,
				17BE3DD02C1A45B3008B98EF /* IceBar.swift in Sources */,
				17C303782BA62CD20079755B /* MigrationManager.swift in Sources */,
				17CDCACD2C2E6F6A000B1CFF /* Deprecated.swift in Sources */,
				17CC22B52B8A55E7001A0582 /* WindowInfo.swift in Sources */,
				17CC22B02B8A0CA6001A0582 /* HotkeysSettingsPane.swift in Sources */,
				17F998462C16C78000D75EC0 /* Injection.swift in Sources */,
				716683522A76820A006ABF84 /* ControlItem.swift in Sources */,
				7150A7AD2AA4265F0045EA68 /* KeyCombination.swift in Sources */,
				71839C162A9B6A0D00250044 /* OnFrameChange.swift in Sources */,
				17C298B82BD42C390074DEAC /* Predicates.swift in Sources */,
				17F998412C16568600D75EC0 /* CGImage+trimmingTransparentPixels.swift in Sources */,
				170749C82B12078F009DDF73 /* GlobalEventMonitor.swift in Sources */,
				17ECD4EE2B290F8D00E33147 /* PermissionsWindow.swift in Sources */,
				17FE5AD32BCA7A7500E4F8D9 /* ScreenStateManager.swift in Sources */,
				174D4E242BA1D28700D11129 /* HotkeyRecorder.swift in Sources */,
				71604D612AAE62DA002FE96F /* BottomBar.swift in Sources */,
				174D4E262BA1D35D00D11129 /* HotkeyRecorderModel.swift in Sources */,
				1787C42C2B16AE0B002F50DF /* Permission.swift in Sources */,
				1787C4342B16AECF002F50DF /* PermissionsView.swift in Sources */,
				17F9983C2C1655EF00D75EC0 /* LayoutBarContainer.swift in Sources */,
				716683502A7681AF006ABF84 /* MenuBarManager.swift in Sources */,
				176B23F42ADB76A1008AE86B /* CustomColorPicker.swift in Sources */,
				17CDCAD12C2E6FB0000B1CFF /* Bridging.swift in Sources */,
				17540BD82B20C0DA00A0F965 /* NSBezierPath+drawShadow.swift in Sources */,
				172D827C2BC1F2C10048DD88 /* AccessibilityError.swift in Sources */,
				177354842B1F9AF9001CF731 /* NSBezierPath+union.swift in Sources */,
				172778482C1490EA00F6F687 /* EventTap.swift in Sources */,
				17EE69592C25A5BB00F778A7 /* NSScreen+screenWithMouse.swift in Sources */,
				17540BDC2B23BD5700A0F965 /* NSBezierPath+intersects.swift in Sources */,
				17F998512C16D02E00D75EC0 /* LayoutBarScrollView.swift in Sources */,
				179AC2FC2C1146EF0051E7B0 /* RemoveSidebarToggle.swift in Sources */,
				17B7F32B2B264C1800CDCF49 /* MenuBarAppearanceManager.swift in Sources */,
				17F9984D2C16CD8E00D75EC0 /* MenuBarItemsSettingsPane.swift in Sources */,
				172D827E2BC1F2E70048DD88 /* AccessibilityMenuBarItem.swift in Sources */,
				17D1AC8D2B97BB5900726180 /* MenuBarItem.swift in Sources */,
				173C248C2B8E821C0096F7A1 /* UpdatesSettingsPane.swift in Sources */,
				171C6F9C2C0356BC0097A5C8 /* GeneralSettingsPane.swift in Sources */,
				7150A7B12AA427F80045EA68 /* KeyCode.swift in Sources */,
				17B331D02B9916E70084EBB0 /* SettingsManager.swift in Sources */,
				17B331D32B991D290084EBB0 /* GeneralSettingsManager.swift in Sources */,
				1736F7802ADBC02B0073428E /* CustomGradient.swift in Sources */,
				7166834C2A76811C006ABF84 /* NSStatusItem+showMenu.swift in Sources */,
				17BE3DDB2C1A63B6008B98EF /* LayoutBarStyle.swift in Sources */,
				711535F22AB9F6C1003193AD /* BindingExposable.swift in Sources */,
				7166833D2A7680CE006ABF84 /* AppDelegate.swift in Sources */,
				17EE695E2C26618F00F778A7 /* AnyInsettableShape.swift in Sources */,
				7133ED6A2A85870E000A7E1B /* SettingsView.swift in Sources */,
				7133ED652A85811C000A7E1B /* NSApplication+windowWithIdentifier.swift in Sources */,
				7150A7B32AA42B640045EA68 /* Modifiers.swift in Sources */,
				179AC2FF2C11475F0051E7B0 /* NSSplitViewItem+swizzledCanCollapse.swift in Sources */,
				71C400322AAD76A8006FDB1C /* ReadWindow.swift in Sources */,
				71D2B02E2AAFDD5C0002B6C8 /* Bundle+versionString.swift in Sources */,
				17EE69612C26A80300F778A7 /* CGColor+brightness.swift in Sources */,
				174D4E282BA2089100D11129 /* Hotkey.swift in Sources */,
				17BE3DE22C1ACAEA008B98EF /* Erased.swift in Sources */,
				7166834B2A76811C006ABF84 /* Logger+initWithCategory.swift in Sources */,
				17B380F52ADCBE090002C9C3 /* LocalEventMonitorModifier.swift in Sources */,
				17B331D52B991D8D0084EBB0 /* AdvancedSettingsManager.swift in Sources */,
				170CF8902B101D980073F982 /* ColorStop.swift in Sources */,
				1773546C2B1BBBA1001CF731 /* MenuBarShapePicker.swift in Sources */,
				17D1AC8F2B97E71D00726180 /* AdvancedSettingsPane.swift in Sources */,
				17F998532C16EFCD00D75EC0 /* CGImage+averageColor.swift in Sources */,
				17DFF4C02AD8DBC500B5177A /* CodableColor.swift in Sources */,
				17CC22BC2B8CDE6F001A0582 /* EventManager.swift in Sources */,
				1737E3E52BA3C4AA009F0EFA /* HotkeyAction.swift in Sources */,
				7133ED712A85AE6A000A7E1B /* SettingsNavigationItem.swift in Sources */,
				17EE69682C277B4E00F778A7 /* Publisher+mapToVoid.swift in Sources */,
				17EE69652C27777C00F778A7 /* MenuBarItemImageCache.swift in Sources */,
				174AA5D62B71D97100E3FE74 /* MenuBarOverlayPanel.swift in Sources */,
				71008DF02AB907B00036B1F3 /* ObjectAssociation.swift in Sources */,
				171C6F982C0353CE0097A5C8 /* MenuBarAppearanceEditor.swift in Sources */,
				174D4E2A2BA230FB00D11129 /* HotkeySettingsManager.swift in Sources */,
				17DFF4AC2AD5FB3300B5177A /* MenuBarAppearanceSettingsPane.swift in Sources */,
				17FE5AD52BCA9BE200E4F8D9 /* ScreenState.swift in Sources */,
				170423DD2B56E77D004A2549 /* UpdatesManager.swift in Sources */,
				177354662B1B8502001CF731 /* MenuBarShape.swift in Sources */,
				71D36C4F2A88FE4900D89CD5 /* SettingsWindow.swift in Sources */,
				175812592B82ACA900D622DA /* Annotation.swift in Sources */,
				17AB36322BA081D800F50C0F /* NSImage+resized.swift in Sources */,
				1787C4302B16AE78002F50DF /* PermissionsManager.swift in Sources */,
				170CF88E2B0EDD780073F982 /* AnyLocalizedError.swift in Sources */,
				175812542B80FBFA00D622DA /* MenuBarAppearanceEditorPanel.swift in Sources */,
				17CDCAD42C2E8A04000B1CFF /* CGError+logString.swift in Sources */,
				7166832E2A767E6A006ABF84 /* IceApp.swift in Sources */,
				172D82802BC1F3270048DD88 /* AccessibilityApplication.swift in Sources */,
				17C3C5F72B75A36100B9648C /* NSScreen+displayID.swift in Sources */,
				7133ED5E2A853FCF000A7E1B /* Constants.swift in Sources */,
				17F9984B2C16CBC100D75EC0 /* LayoutBar.swift in Sources */,
			);
			runOnlyForDeploymentPostprocessing = 0;
		};
/* End PBXSourcesBuildPhase section */

/* Begin XCBuildConfiguration section */
		716683372A767E6B006ABF84 /* Debug */ = {
			isa = XCBuildConfiguration;
			buildSettings = {
				ALWAYS_SEARCH_USER_PATHS = NO;
				ASSETCATALOG_COMPILER_GENERATE_SWIFT_ASSET_SYMBOL_EXTENSIONS = YES;
				CLANG_ANALYZER_NONNULL = YES;
				CLANG_ANALYZER_NUMBER_OBJECT_CONVERSION = YES_AGGRESSIVE;
				CLANG_CXX_LANGUAGE_STANDARD = "gnu++20";
				CLANG_ENABLE_MODULES = YES;
				CLANG_ENABLE_OBJC_ARC = YES;
				CLANG_ENABLE_OBJC_WEAK = YES;
				CLANG_WARN_BLOCK_CAPTURE_AUTORELEASING = YES;
				CLANG_WARN_BOOL_CONVERSION = YES;
				CLANG_WARN_COMMA = YES;
				CLANG_WARN_CONSTANT_CONVERSION = YES;
				CLANG_WARN_DEPRECATED_OBJC_IMPLEMENTATIONS = YES;
				CLANG_WARN_DIRECT_OBJC_ISA_USAGE = YES_ERROR;
				CLANG_WARN_DOCUMENTATION_COMMENTS = YES;
				CLANG_WARN_EMPTY_BODY = YES;
				CLANG_WARN_ENUM_CONVERSION = YES;
				CLANG_WARN_INFINITE_RECURSION = YES;
				CLANG_WARN_INT_CONVERSION = YES;
				CLANG_WARN_NON_LITERAL_NULL_CONVERSION = YES;
				CLANG_WARN_OBJC_IMPLICIT_RETAIN_SELF = YES;
				CLANG_WARN_OBJC_LITERAL_CONVERSION = YES;
				CLANG_WARN_OBJC_ROOT_CLASS = YES_ERROR;
				CLANG_WARN_QUOTED_INCLUDE_IN_FRAMEWORK_HEADER = YES;
				CLANG_WARN_RANGE_LOOP_ANALYSIS = YES;
				CLANG_WARN_STRICT_PROTOTYPES = YES;
				CLANG_WARN_SUSPICIOUS_MOVE = YES;
				CLANG_WARN_UNGUARDED_AVAILABILITY = YES_AGGRESSIVE;
				CLANG_WARN_UNREACHABLE_CODE = YES;
				CLANG_WARN__DUPLICATE_METHOD_MATCH = YES;
				COPY_PHASE_STRIP = NO;
				DEAD_CODE_STRIPPING = YES;
				DEBUG_INFORMATION_FORMAT = dwarf;
				ENABLE_STRICT_OBJC_MSGSEND = YES;
				ENABLE_TESTABILITY = YES;
				ENABLE_USER_SCRIPT_SANDBOXING = YES;
				GCC_C_LANGUAGE_STANDARD = gnu11;
				GCC_DYNAMIC_NO_PIC = NO;
				GCC_NO_COMMON_BLOCKS = YES;
				GCC_OPTIMIZATION_LEVEL = 0;
				GCC_PREPROCESSOR_DEFINITIONS = (
					"DEBUG=1",
					"$(inherited)",
				);
				GCC_WARN_64_TO_32_BIT_CONVERSION = YES;
				GCC_WARN_ABOUT_RETURN_TYPE = YES_ERROR;
				GCC_WARN_UNDECLARED_SELECTOR = YES;
				GCC_WARN_UNINITIALIZED_AUTOS = YES_AGGRESSIVE;
				GCC_WARN_UNUSED_FUNCTION = YES;
				GCC_WARN_UNUSED_VARIABLE = YES;
				MACOSX_DEPLOYMENT_TARGET = 14.0;
				MTL_ENABLE_DEBUG_INFO = INCLUDE_SOURCE;
				MTL_FAST_MATH = YES;
				ONLY_ACTIVE_ARCH = YES;
				SDKROOT = macosx;
				SWIFT_ACTIVE_COMPILATION_CONDITIONS = DEBUG;
				SWIFT_OPTIMIZATION_LEVEL = "-Onone";
			};
			name = Debug;
		};
		716683382A767E6B006ABF84 /* Release */ = {
			isa = XCBuildConfiguration;
			buildSettings = {
				ALWAYS_SEARCH_USER_PATHS = NO;
				ASSETCATALOG_COMPILER_GENERATE_SWIFT_ASSET_SYMBOL_EXTENSIONS = YES;
				CLANG_ANALYZER_NONNULL = YES;
				CLANG_ANALYZER_NUMBER_OBJECT_CONVERSION = YES_AGGRESSIVE;
				CLANG_CXX_LANGUAGE_STANDARD = "gnu++20";
				CLANG_ENABLE_MODULES = YES;
				CLANG_ENABLE_OBJC_ARC = YES;
				CLANG_ENABLE_OBJC_WEAK = YES;
				CLANG_WARN_BLOCK_CAPTURE_AUTORELEASING = YES;
				CLANG_WARN_BOOL_CONVERSION = YES;
				CLANG_WARN_COMMA = YES;
				CLANG_WARN_CONSTANT_CONVERSION = YES;
				CLANG_WARN_DEPRECATED_OBJC_IMPLEMENTATIONS = YES;
				CLANG_WARN_DIRECT_OBJC_ISA_USAGE = YES_ERROR;
				CLANG_WARN_DOCUMENTATION_COMMENTS = YES;
				CLANG_WARN_EMPTY_BODY = YES;
				CLANG_WARN_ENUM_CONVERSION = YES;
				CLANG_WARN_INFINITE_RECURSION = YES;
				CLANG_WARN_INT_CONVERSION = YES;
				CLANG_WARN_NON_LITERAL_NULL_CONVERSION = YES;
				CLANG_WARN_OBJC_IMPLICIT_RETAIN_SELF = YES;
				CLANG_WARN_OBJC_LITERAL_CONVERSION = YES;
				CLANG_WARN_OBJC_ROOT_CLASS = YES_ERROR;
				CLANG_WARN_QUOTED_INCLUDE_IN_FRAMEWORK_HEADER = YES;
				CLANG_WARN_RANGE_LOOP_ANALYSIS = YES;
				CLANG_WARN_STRICT_PROTOTYPES = YES;
				CLANG_WARN_SUSPICIOUS_MOVE = YES;
				CLANG_WARN_UNGUARDED_AVAILABILITY = YES_AGGRESSIVE;
				CLANG_WARN_UNREACHABLE_CODE = YES;
				CLANG_WARN__DUPLICATE_METHOD_MATCH = YES;
				COPY_PHASE_STRIP = NO;
				DEAD_CODE_STRIPPING = YES;
				DEBUG_INFORMATION_FORMAT = "dwarf-with-dsym";
				ENABLE_NS_ASSERTIONS = NO;
				ENABLE_STRICT_OBJC_MSGSEND = YES;
				ENABLE_USER_SCRIPT_SANDBOXING = YES;
				GCC_C_LANGUAGE_STANDARD = gnu11;
				GCC_NO_COMMON_BLOCKS = YES;
				GCC_WARN_64_TO_32_BIT_CONVERSION = YES;
				GCC_WARN_ABOUT_RETURN_TYPE = YES_ERROR;
				GCC_WARN_UNDECLARED_SELECTOR = YES;
				GCC_WARN_UNINITIALIZED_AUTOS = YES_AGGRESSIVE;
				GCC_WARN_UNUSED_FUNCTION = YES;
				GCC_WARN_UNUSED_VARIABLE = YES;
				MACOSX_DEPLOYMENT_TARGET = 14.0;
				MTL_ENABLE_DEBUG_INFO = NO;
				MTL_FAST_MATH = YES;
				SDKROOT = macosx;
				SWIFT_COMPILATION_MODE = wholemodule;
				SWIFT_OPTIMIZATION_LEVEL = "-O";
			};
			name = Release;
		};
		7166833A2A767E6B006ABF84 /* Debug */ = {
			isa = XCBuildConfiguration;
			buildSettings = {
				ASSETCATALOG_COMPILER_APPICON_NAME = AppIcon;
				ASSETCATALOG_COMPILER_GLOBAL_ACCENT_COLOR_NAME = AccentColor;
				CODE_SIGN_ENTITLEMENTS = Ice/Ice.entitlements;
				"CODE_SIGN_IDENTITY[sdk=macosx*]" = "Apple Development";
				CODE_SIGN_STYLE = Automatic;
				COMBINE_HIDPI_IMAGES = YES;
				CURRENT_PROJECT_VERSION = 50;
				DEAD_CODE_STRIPPING = YES;
				DEVELOPMENT_ASSET_PATHS = "";
				DEVELOPMENT_TEAM = K2ATHQPJDP;
				ENABLE_HARDENED_RUNTIME = YES;
				ENABLE_PREVIEWS = YES;
				ENABLE_USER_SCRIPT_SANDBOXING = NO;
				GENERATE_INFOPLIST_FILE = YES;
				INFOPLIST_FILE = Ice/Info.plist;
				INFOPLIST_KEY_LSApplicationCategoryType = "public.app-category.utilities";
				INFOPLIST_KEY_LSUIElement = YES;
				INFOPLIST_KEY_NSHumanReadableCopyright = "Copyright © 2024 Jordan Baird";
				LD_RUNPATH_SEARCH_PATHS = (
					"$(inherited)",
					"@executable_path/../Frameworks",
				);
				MARKETING_VERSION = "0.10.0-beta.5g";
				PRODUCT_BUNDLE_IDENTIFIER = com.jordanbaird.Ice;
				PRODUCT_NAME = "$(TARGET_NAME)";
				SWIFT_EMIT_LOC_STRINGS = YES;
				SWIFT_VERSION = 5.0;
			};
			name = Debug;
		};
		7166833B2A767E6B006ABF84 /* Release */ = {
			isa = XCBuildConfiguration;
			buildSettings = {
				ASSETCATALOG_COMPILER_APPICON_NAME = AppIcon;
				ASSETCATALOG_COMPILER_GLOBAL_ACCENT_COLOR_NAME = AccentColor;
				CODE_SIGN_ENTITLEMENTS = Ice/Ice.entitlements;
				"CODE_SIGN_IDENTITY[sdk=macosx*]" = "Apple Development";
				CODE_SIGN_STYLE = Automatic;
				COMBINE_HIDPI_IMAGES = YES;
				CURRENT_PROJECT_VERSION = 50;
				DEAD_CODE_STRIPPING = YES;
				DEVELOPMENT_ASSET_PATHS = "";
				DEVELOPMENT_TEAM = K2ATHQPJDP;
				ENABLE_HARDENED_RUNTIME = YES;
				ENABLE_PREVIEWS = YES;
				ENABLE_USER_SCRIPT_SANDBOXING = NO;
				GENERATE_INFOPLIST_FILE = YES;
				INFOPLIST_FILE = Ice/Info.plist;
				INFOPLIST_KEY_LSApplicationCategoryType = "public.app-category.utilities";
				INFOPLIST_KEY_LSUIElement = YES;
				INFOPLIST_KEY_NSHumanReadableCopyright = "Copyright © 2024 Jordan Baird";
				LD_RUNPATH_SEARCH_PATHS = (
					"$(inherited)",
					"@executable_path/../Frameworks",
				);
				MARKETING_VERSION = "0.10.0-beta.5g";
				PRODUCT_BUNDLE_IDENTIFIER = com.jordanbaird.Ice;
				PRODUCT_NAME = "$(TARGET_NAME)";
				SWIFT_EMIT_LOC_STRINGS = YES;
				SWIFT_VERSION = 5.0;
			};
			name = Release;
		};
/* End XCBuildConfiguration section */

/* Begin XCConfigurationList section */
		716683252A767E6A006ABF84 /* Build configuration list for PBXProject "Ice" */ = {
			isa = XCConfigurationList;
			buildConfigurations = (
				716683372A767E6B006ABF84 /* Debug */,
				716683382A767E6B006ABF84 /* Release */,
			);
			defaultConfigurationIsVisible = 0;
			defaultConfigurationName = Release;
		};
		716683392A767E6B006ABF84 /* Build configuration list for PBXNativeTarget "Ice" */ = {
			isa = XCConfigurationList;
			buildConfigurations = (
				7166833A2A767E6B006ABF84 /* Debug */,
				7166833B2A767E6B006ABF84 /* Release */,
			);
			defaultConfigurationIsVisible = 0;
			defaultConfigurationName = Release;
		};
/* End XCConfigurationList section */

/* Begin XCRemoteSwiftPackageReference section */
		170423D72B56DE78004A2549 /* XCRemoteSwiftPackageReference "Sparkle" */ = {
			isa = XCRemoteSwiftPackageReference;
			repositoryURL = "https://github.com/sparkle-project/Sparkle";
			requirement = {
				kind = upToNextMajorVersion;
				minimumVersion = 2.5.2;
			};
		};
		1750618F2B1543DD003144CD /* XCRemoteSwiftPackageReference "LaunchAtLogin-Modern" */ = {
			isa = XCRemoteSwiftPackageReference;
			repositoryURL = "https://github.com/sindresorhus/LaunchAtLogin-Modern";
			requirement = {
				kind = upToNextMajorVersion;
				minimumVersion = 1.0.0;
			};
		};
		1787C4252B16890B002F50DF /* XCRemoteSwiftPackageReference "AXSwift" */ = {
			isa = XCRemoteSwiftPackageReference;
			repositoryURL = "https://github.com/tmandry/AXSwift";
			requirement = {
				kind = upToNextMajorVersion;
				minimumVersion = 0.3.2;
			};
		};
		17F71BB32B880B4500905CBA /* XCRemoteSwiftPackageReference "CompactSlider" */ = {
			isa = XCRemoteSwiftPackageReference;
			repositoryURL = "https://github.com/buh/CompactSlider";
			requirement = {
				kind = upToNextMajorVersion;
				minimumVersion = 1.1.5;
			};
		};
/* End XCRemoteSwiftPackageReference section */

/* Begin XCSwiftPackageProductDependency section */
		170423D82B56DE78004A2549 /* Sparkle */ = {
			isa = XCSwiftPackageProductDependency;
			package = 170423D72B56DE78004A2549 /* XCRemoteSwiftPackageReference "Sparkle" */;
			productName = Sparkle;
		};
		175061902B1543DD003144CD /* LaunchAtLogin */ = {
			isa = XCSwiftPackageProductDependency;
			package = 1750618F2B1543DD003144CD /* XCRemoteSwiftPackageReference "LaunchAtLogin-Modern" */;
			productName = LaunchAtLogin;
		};
		1787C4262B16890B002F50DF /* AXSwift */ = {
			isa = XCSwiftPackageProductDependency;
			package = 1787C4252B16890B002F50DF /* XCRemoteSwiftPackageReference "AXSwift" */;
			productName = AXSwift;
		};
		17F71BB42B880B4500905CBA /* CompactSlider */ = {
			isa = XCSwiftPackageProductDependency;
			package = 17F71BB32B880B4500905CBA /* XCRemoteSwiftPackageReference "CompactSlider" */;
			productName = CompactSlider;
		};
/* End XCSwiftPackageProductDependency section */
	};
	rootObject = 716683222A767E6A006ABF84 /* Project object */;
}
