{
  "pins" : [
    {
      "identity" : "swiftkeys",
      "kind" : "remoteSourceControl",
      "location" : "https://github.com/jordanbaird/SwiftKeys",
      "state" : {
        "revision" : "42fb3709f772e80909b55007015744bf2fe81ee8",
        "version" : "0.2.0"
      }
    }
  ],
  "version" : 2
}
